// !$*UTF8*$!
{
	archiveVersion = 1;
	classes = {
	};
	objectVersion = 46;
	objects = {

/* Begin PBXBuildFile section */
		D320C3611B6FF5E90046F785 /* UIImage+ImageEffects.m in Sources */ = {isa = PBXBuildFile; fileRef = D320C3601B6FF5E90046F785 /* UIImage+ImageEffects.m */; };
		D340CC791B6D3E7600BB17E3 /* AppDelegate.swift in Sources */ = {isa = PBXBuildFile; fileRef = D340CC781B6D3E7600BB17E3 /* AppDelegate.swift */; };
		D340CC7E1B6D3E7600BB17E3 /* Main.storyboard in Resources */ = {isa = PBXBuildFile; fileRef = D340CC7C1B6D3E7600BB17E3 /* Main.storyboard */; };
		D340CC801B6D3E7600BB17E3 /* Images.xcassets in Resources */ = {isa = PBXBuildFile; fileRef = D340CC7F1B6D3E7600BB17E3 /* Images.xcassets */; };
		D340CC831B6D3E7600BB17E3 /* LaunchScreen.xib in Resources */ = {isa = PBXBuildFile; fileRef = D340CC811B6D3E7600BB17E3 /* LaunchScreen.xib */; };
		D340CC8F1B6D3E7600BB17E3 /* GeekSpeak_Show_TimerTests.swift in Sources */ = {isa = PBXBuildFile; fileRef = D340CC8E1B6D3E7600BB17E3 /* GeekSpeak_Show_TimerTests.swift */; };
		D340CC9E1B6D504500BB17E3 /* PieShapeView.swift in Sources */ = {isa = PBXBuildFile; fileRef = D340CC9B1B6D504500BB17E3 /* PieShapeView.swift */; };
		D340CC9F1B6D504500BB17E3 /* PieShapeLayer.m in Sources */ = {isa = PBXBuildFile; fileRef = D340CC9D1B6D504500BB17E3 /* PieShapeLayer.m */; };
		D340CCA31B6D556D00BB17E3 /* Angle.swift in Sources */ = {isa = PBXBuildFile; fileRef = D340CCA01B6D556D00BB17E3 /* Angle.swift */; };
		D340CCA41B6D556D00BB17E3 /* AccumulatedAngle.swift in Sources */ = {isa = PBXBuildFile; fileRef = D340CCA11B6D556D00BB17E3 /* AccumulatedAngle.swift */; };
		D340CCA51B6D556D00BB17E3 /* AngularType.swift in Sources */ = {isa = PBXBuildFile; fileRef = D340CCA21B6D556D00BB17E3 /* AngularType.swift */; };
		D340CCAA1B6D6AD300BB17E3 /* RingLayer.m in Sources */ = {isa = PBXBuildFile; fileRef = D340CCA91B6D6AD300BB17E3 /* RingLayer.m */; };
		D340CCAC1B6D711700BB17E3 /* RingView.swift in Sources */ = {isa = PBXBuildFile; fileRef = D340CCAB1B6D711700BB17E3 /* RingView.swift */; };
		D340CCB11B6D8B9600BB17E3 /* PartialRingView.swift in Sources */ = {isa = PBXBuildFile; fileRef = D340CCB01B6D8B9600BB17E3 /* PartialRingView.swift */; };
		D340CCB31B6D91FF00BB17E3 /* TimerViewController.swift in Sources */ = {isa = PBXBuildFile; fileRef = D340CCB21B6D91FF00BB17E3 /* TimerViewController.swift */; };
		D340CCB51B6D939F00BB17E3 /* UIColor+DarkenColor.swift in Sources */ = {isa = PBXBuildFile; fileRef = D340CCB41B6D939F00BB17E3 /* UIColor+DarkenColor.swift */; };
		D340CCB71B6D9C6400BB17E3 /* FillView.swift in Sources */ = {isa = PBXBuildFile; fileRef = D340CCB61B6D9C6400BB17E3 /* FillView.swift */; };
		D340CCBA1B6DDD5400BB17E3 /* TimerViews.swift in Sources */ = {isa = PBXBuildFile; fileRef = D340CCB91B6DDD5400BB17E3 /* TimerViews.swift */; };
		D340CCBE1B6DE30100BB17E3 /* SplitViewController.swift in Sources */ = {isa = PBXBuildFile; fileRef = D340CCBD1B6DE30100BB17E3 /* SplitViewController.swift */; };
		D3463F681B713E0D002C68A8 /* Settings.bundle in Resources */ = {isa = PBXBuildFile; fileRef = D3463F671B713E0D002C68A8 /* Settings.bundle */; };
		D3912C711B6E93B7003B42F1 /* SettingsViewController.swift in Sources */ = {isa = PBXBuildFile; fileRef = D3912C701B6E93B7003B42F1 /* SettingsViewController.swift */; };
		D3912C731B6E9CED003B42F1 /* Timer.swift in Sources */ = {isa = PBXBuildFile; fileRef = D3912C721B6E9CED003B42F1 /* Timer.swift */; };
		D3912C751B6E9D73003B42F1 /* BCYStandardLibrary.swift in Sources */ = {isa = PBXBuildFile; fileRef = D3912C741B6E9D73003B42F1 /* BCYStandardLibrary.swift */; };
		D3912C771B6F1476003B42F1 /* Timer+Types.swift in Sources */ = {isa = PBXBuildFile; fileRef = D3912C761B6F1476003B42F1 /* Timer+Types.swift */; };
		D3C487B31B726F3300B8067E /* Timer+StatePreservation.swift in Sources */ = {isa = PBXBuildFile; fileRef = D3C487B21B726F3300B8067E /* Timer+StatePreservation.swift */; };
		D3F699A11B72DE0900BD21FD /* PieShapeView+Progress.swift in Sources */ = {isa = PBXBuildFile; fileRef = D3F699A01B72DE0900BD21FD /* PieShapeView+Progress.swift */; };
/* End PBXBuildFile section */

/* Begin PBXContainerItemProxy section */
		D340CC891B6D3E7600BB17E3 /* PBXContainerItemProxy */ = {
			isa = PBXContainerItemProxy;
			containerPortal = D340CC6B1B6D3E7600BB17E3 /* Project object */;
			proxyType = 1;
			remoteGlobalIDString = D340CC721B6D3E7600BB17E3;
			remoteInfo = "GeekSpeak Show Timer";
		};
/* End PBXContainerItemProxy section */

/* Begin PBXFileReference section */
		D320C35F1B6FF5E90046F785 /* UIImage+ImageEffects.h */ = {isa = PBXFileReference; fileEncoding = 4; lastKnownFileType = sourcecode.c.h; path = "UIImage+ImageEffects.h"; sourceTree = "<group>"; };
		D320C3601B6FF5E90046F785 /* UIImage+ImageEffects.m */ = {isa = PBXFileReference; fileEncoding = 4; lastKnownFileType = sourcecode.c.objc; path = "UIImage+ImageEffects.m"; sourceTree = "<group>"; };
		D340CC731B6D3E7600BB17E3 /* GeekSpeak Show Timer.app */ = {isa = PBXFileReference; explicitFileType = wrapper.application; includeInIndex = 0; path = "GeekSpeak Show Timer.app"; sourceTree = BUILT_PRODUCTS_DIR; };
		D340CC771B6D3E7600BB17E3 /* Info.plist */ = {isa = PBXFileReference; lastKnownFileType = text.plist.xml; path = Info.plist; sourceTree = "<group>"; };
		D340CC781B6D3E7600BB17E3 /* AppDelegate.swift */ = {isa = PBXFileReference; lastKnownFileType = sourcecode.swift; path = AppDelegate.swift; sourceTree = "<group>"; };
		D340CC7D1B6D3E7600BB17E3 /* Base */ = {isa = PBXFileReference; lastKnownFileType = file.storyboard; name = Base; path = Base.lproj/Main.storyboard; sourceTree = "<group>"; };
		D340CC7F1B6D3E7600BB17E3 /* Images.xcassets */ = {isa = PBXFileReference; lastKnownFileType = folder.assetcatalog; path = Images.xcassets; sourceTree = "<group>"; };
		D340CC821B6D3E7600BB17E3 /* Base */ = {isa = PBXFileReference; lastKnownFileType = file.xib; name = Base; path = Base.lproj/LaunchScreen.xib; sourceTree = "<group>"; };
		D340CC881B6D3E7600BB17E3 /* GeekSpeak Show TimerTests.xctest */ = {isa = PBXFileReference; explicitFileType = wrapper.cfbundle; includeInIndex = 0; path = "GeekSpeak Show TimerTests.xctest"; sourceTree = BUILT_PRODUCTS_DIR; };
		D340CC8D1B6D3E7600BB17E3 /* Info.plist */ = {isa = PBXFileReference; lastKnownFileType = text.plist.xml; path = Info.plist; sourceTree = "<group>"; };
		D340CC8E1B6D3E7600BB17E3 /* GeekSpeak_Show_TimerTests.swift */ = {isa = PBXFileReference; lastKnownFileType = sourcecode.swift; path = GeekSpeak_Show_TimerTests.swift; sourceTree = "<group>"; };
		D340CC9A1B6D504400BB17E3 /* GeekSpeak Show Timer-Bridging-Header.h */ = {isa = PBXFileReference; lastKnownFileType = sourcecode.c.h; path = "GeekSpeak Show Timer-Bridging-Header.h"; sourceTree = "<group>"; };
		D340CC9B1B6D504500BB17E3 /* PieShapeView.swift */ = {isa = PBXFileReference; fileEncoding = 4; lastKnownFileType = sourcecode.swift; path = PieShapeView.swift; sourceTree = "<group>"; };
		D340CC9C1B6D504500BB17E3 /* PieShapeLayer.h */ = {isa = PBXFileReference; fileEncoding = 4; lastKnownFileType = sourcecode.c.h; path = PieShapeLayer.h; sourceTree = "<group>"; };
		D340CC9D1B6D504500BB17E3 /* PieShapeLayer.m */ = {isa = PBXFileReference; fileEncoding = 4; lastKnownFileType = sourcecode.c.objc; path = PieShapeLayer.m; sourceTree = "<group>"; };
		D340CCA01B6D556D00BB17E3 /* Angle.swift */ = {isa = PBXFileReference; fileEncoding = 4; lastKnownFileType = sourcecode.swift; path = Angle.swift; sourceTree = "<group>"; };
		D340CCA11B6D556D00BB17E3 /* AccumulatedAngle.swift */ = {isa = PBXFileReference; fileEncoding = 4; lastKnownFileType = sourcecode.swift; path = AccumulatedAngle.swift; sourceTree = "<group>"; };
		D340CCA21B6D556D00BB17E3 /* AngularType.swift */ = {isa = PBXFileReference; fileEncoding = 4; lastKnownFileType = sourcecode.swift; path = AngularType.swift; sourceTree = "<group>"; };
		D340CCA81B6D6AD300BB17E3 /* RingLayer.h */ = {isa = PBXFileReference; fileEncoding = 4; lastKnownFileType = sourcecode.c.h; path = RingLayer.h; sourceTree = "<group>"; };
		D340CCA91B6D6AD300BB17E3 /* RingLayer.m */ = {isa = PBXFileReference; fileEncoding = 4; lastKnownFileType = sourcecode.c.objc; path = RingLayer.m; sourceTree = "<group>"; };
		D340CCAB1B6D711700BB17E3 /* RingView.swift */ = {isa = PBXFileReference; fileEncoding = 4; lastKnownFileType = sourcecode.swift; path = RingView.swift; sourceTree = "<group>"; };
		D340CCB01B6D8B9600BB17E3 /* PartialRingView.swift */ = {isa = PBXFileReference; fileEncoding = 4; lastKnownFileType = sourcecode.swift; path = PartialRingView.swift; sourceTree = "<group>"; };
		D340CCB21B6D91FF00BB17E3 /* TimerViewController.swift */ = {isa = PBXFileReference; fileEncoding = 4; lastKnownFileType = sourcecode.swift; path = TimerViewController.swift; sourceTree = "<group>"; };
		D340CCB41B6D939F00BB17E3 /* UIColor+DarkenColor.swift */ = {isa = PBXFileReference; fileEncoding = 4; lastKnownFileType = sourcecode.swift; path = "UIColor+DarkenColor.swift"; sourceTree = "<group>"; };
		D340CCB61B6D9C6400BB17E3 /* FillView.swift */ = {isa = PBXFileReference; fileEncoding = 4; lastKnownFileType = sourcecode.swift; path = FillView.swift; sourceTree = "<group>"; };
		D340CCB91B6DDD5400BB17E3 /* TimerViews.swift */ = {isa = PBXFileReference; fileEncoding = 4; lastKnownFileType = sourcecode.swift; path = TimerViews.swift; sourceTree = "<group>"; };
		D340CCBD1B6DE30100BB17E3 /* SplitViewController.swift */ = {isa = PBXFileReference; fileEncoding = 4; lastKnownFileType = sourcecode.swift; path = SplitViewController.swift; sourceTree = "<group>"; };
		D3463F671B713E0D002C68A8 /* Settings.bundle */ = {isa = PBXFileReference; lastKnownFileType = "wrapper.plug-in"; path = Settings.bundle; sourceTree = "<group>"; };
		D3912C701B6E93B7003B42F1 /* SettingsViewController.swift */ = {isa = PBXFileReference; fileEncoding = 4; lastKnownFileType = sourcecode.swift; path = SettingsViewController.swift; sourceTree = "<group>"; };
		D3912C721B6E9CED003B42F1 /* Timer.swift */ = {isa = PBXFileReference; fileEncoding = 4; lastKnownFileType = sourcecode.swift; path = Timer.swift; sourceTree = "<group>"; };
		D3912C741B6E9D73003B42F1 /* BCYStandardLibrary.swift */ = {isa = PBXFileReference; fileEncoding = 4; lastKnownFileType = sourcecode.swift; path = BCYStandardLibrary.swift; sourceTree = "<group>"; };
		D3912C761B6F1476003B42F1 /* Timer+Types.swift */ = {isa = PBXFileReference; fileEncoding = 4; lastKnownFileType = sourcecode.swift; path = "Timer+Types.swift"; sourceTree = "<group>"; };
		D3C487B21B726F3300B8067E /* Timer+StatePreservation.swift */ = {isa = PBXFileReference; fileEncoding = 4; lastKnownFileType = sourcecode.swift; path = "Timer+StatePreservation.swift"; sourceTree = "<group>"; };
		D3F699A01B72DE0900BD21FD /* PieShapeView+Progress.swift */ = {isa = PBXFileReference; fileEncoding = 4; lastKnownFileType = sourcecode.swift; path = "PieShapeView+Progress.swift"; sourceTree = "<group>"; };
/* End PBXFileReference section */

/* Begin PBXFrameworksBuildPhase section */
		D340CC701B6D3E7600BB17E3 /* Frameworks */ = {
			isa = PBXFrameworksBuildPhase;
			buildActionMask = 2147483647;
			files = (
			);
			runOnlyForDeploymentPostprocessing = 0;
		};
		D340CC851B6D3E7600BB17E3 /* Frameworks */ = {
			isa = PBXFrameworksBuildPhase;
			buildActionMask = 2147483647;
			files = (
			);
			runOnlyForDeploymentPostprocessing = 0;
		};
/* End PBXFrameworksBuildPhase section */

/* Begin PBXGroup section */
		D340CC6A1B6D3E7600BB17E3 = {
			isa = PBXGroup;
			children = (
				D340CC751B6D3E7600BB17E3 /* GeekSpeak Show Timer */,
				D340CC8B1B6D3E7600BB17E3 /* GeekSpeak Show TimerTests */,
				D340CC741B6D3E7600BB17E3 /* Products */,
			);
			sourceTree = "<group>";
		};
		D340CC741B6D3E7600BB17E3 /* Products */ = {
			isa = PBXGroup;
			children = (
				D340CC731B6D3E7600BB17E3 /* GeekSpeak Show Timer.app */,
				D340CC881B6D3E7600BB17E3 /* GeekSpeak Show TimerTests.xctest */,
			);
			name = Products;
			sourceTree = "<group>";
		};
		D340CC751B6D3E7600BB17E3 /* GeekSpeak Show Timer */ = {
			isa = PBXGroup;
			children = (
				D340CC7C1B6D3E7600BB17E3 /* Main.storyboard */,
				D340CC781B6D3E7600BB17E3 /* AppDelegate.swift */,
				D340CCB21B6D91FF00BB17E3 /* TimerViewController.swift */,
				D3912C721B6E9CED003B42F1 /* Timer.swift */,
				D3C487B21B726F3300B8067E /* Timer+StatePreservation.swift */,
				D3912C761B6F1476003B42F1 /* Timer+Types.swift */,
				D340CCBD1B6DE30100BB17E3 /* SplitViewController.swift */,
				D3912C701B6E93B7003B42F1 /* SettingsViewController.swift */,
				D340CCB91B6DDD5400BB17E3 /* TimerViews.swift */,
				D3912C741B6E9D73003B42F1 /* BCYStandardLibrary.swift */,
				D340CCB41B6D939F00BB17E3 /* UIColor+DarkenColor.swift */,
				D340CCA61B6D5CC100BB17E3 /* Rotation & Angle Types */,
				D340CCB81B6DA8DA00BB17E3 /* Timer Views */,
				D320C35F1B6FF5E90046F785 /* UIImage+ImageEffects.h */,
				D320C3601B6FF5E90046F785 /* UIImage+ImageEffects.m */,
				D3463F671B713E0D002C68A8 /* Settings.bundle */,
				D340CC7F1B6D3E7600BB17E3 /* Images.xcassets */,
				D340CC811B6D3E7600BB17E3 /* LaunchScreen.xib */,
				D340CC761B6D3E7600BB17E3 /* Supporting Files */,
				D340CC9A1B6D504400BB17E3 /* GeekSpeak Show Timer-Bridging-Header.h */,
			);
			path = "GeekSpeak Show Timer";
			sourceTree = "<group>";
		};
		D340CC761B6D3E7600BB17E3 /* Supporting Files */ = {
			isa = PBXGroup;
			children = (
				D340CC771B6D3E7600BB17E3 /* Info.plist */,
			);
			name = "Supporting Files";
			sourceTree = "<group>";
		};
		D340CC8B1B6D3E7600BB17E3 /* GeekSpeak Show TimerTests */ = {
			isa = PBXGroup;
			children = (
				D340CC8E1B6D3E7600BB17E3 /* GeekSpeak_Show_TimerTests.swift */,
				D340CC8C1B6D3E7600BB17E3 /* Supporting Files */,
			);
			path = "GeekSpeak Show TimerTests";
			sourceTree = "<group>";
		};
		D340CC8C1B6D3E7600BB17E3 /* Supporting Files */ = {
			isa = PBXGroup;
			children = (
				D340CC8D1B6D3E7600BB17E3 /* Info.plist */,
			);
			name = "Supporting Files";
			sourceTree = "<group>";
		};
		D340CCA61B6D5CC100BB17E3 /* Rotation & Angle Types */ = {
			isa = PBXGroup;
			children = (
				D340CCA01B6D556D00BB17E3 /* Angle.swift */,
				D340CCA11B6D556D00BB17E3 /* AccumulatedAngle.swift */,
				D340CCA21B6D556D00BB17E3 /* AngularType.swift */,
			);
			name = "Rotation & Angle Types";
			sourceTree = "<group>";
		};
		D340CCA71B6D5CE600BB17E3 /* PieShapeView */ = {
			isa = PBXGroup;
			children = (
				D340CC9B1B6D504500BB17E3 /* PieShapeView.swift */,
				D3F699A01B72DE0900BD21FD /* PieShapeView+Progress.swift */,
				D340CC9C1B6D504500BB17E3 /* PieShapeLayer.h */,
				D340CC9D1B6D504500BB17E3 /* PieShapeLayer.m */,
			);
			name = PieShapeView;
			sourceTree = "<group>";
		};
		D340CCAD1B6D712700BB17E3 /* RingView */ = {
			isa = PBXGroup;
			children = (
				D340CCAB1B6D711700BB17E3 /* RingView.swift */,
				D340CCA81B6D6AD300BB17E3 /* RingLayer.h */,
				D340CCA91B6D6AD300BB17E3 /* RingLayer.m */,
			);
			name = RingView;
			sourceTree = "<group>";
		};
		D340CCB81B6DA8DA00BB17E3 /* Timer Views */ = {
			isa = PBXGroup;
			children = (
				D340CCB01B6D8B9600BB17E3 /* PartialRingView.swift */,
				D340CCB61B6D9C6400BB17E3 /* FillView.swift */,
				D340CCAD1B6D712700BB17E3 /* RingView */,
				D340CCA71B6D5CE600BB17E3 /* PieShapeView */,
			);
			name = "Timer Views";
			sourceTree = "<group>";
		};
/* End PBXGroup section */

/* Begin PBXNativeTarget section */
		D340CC721B6D3E7600BB17E3 /* GeekSpeak Show Timer */ = {
			isa = PBXNativeTarget;
			buildConfigurationList = D340CC921B6D3E7600BB17E3 /* Build configuration list for PBXNativeTarget "GeekSpeak Show Timer" */;
			buildPhases = (
				D340CC6F1B6D3E7600BB17E3 /* Sources */,
				D340CC701B6D3E7600BB17E3 /* Frameworks */,
				D340CC711B6D3E7600BB17E3 /* Resources */,
				D3C487B11B71BFF800B8067E /* ShellScript */,
			);
			buildRules = (
			);
			dependencies = (
			);
			name = "GeekSpeak Show Timer";
			productName = "GeekSpeak Show Timer";
			productReference = D340CC731B6D3E7600BB17E3 /* GeekSpeak Show Timer.app */;
			productType = "com.apple.product-type.application";
		};
		D340CC871B6D3E7600BB17E3 /* GeekSpeak Show TimerTests */ = {
			isa = PBXNativeTarget;
			buildConfigurationList = D340CC951B6D3E7600BB17E3 /* Build configuration list for PBXNativeTarget "GeekSpeak Show TimerTests" */;
			buildPhases = (
				D340CC841B6D3E7600BB17E3 /* Sources */,
				D340CC851B6D3E7600BB17E3 /* Frameworks */,
				D340CC861B6D3E7600BB17E3 /* Resources */,
			);
			buildRules = (
			);
			dependencies = (
				D340CC8A1B6D3E7600BB17E3 /* PBXTargetDependency */,
			);
			name = "GeekSpeak Show TimerTests";
			productName = "GeekSpeak Show TimerTests";
			productReference = D340CC881B6D3E7600BB17E3 /* GeekSpeak Show TimerTests.xctest */;
			productType = "com.apple.product-type.bundle.unit-test";
		};
/* End PBXNativeTarget section */

/* Begin PBXProject section */
		D340CC6B1B6D3E7600BB17E3 /* Project object */ = {
			isa = PBXProject;
			attributes = {
				LastUpgradeCheck = 0640;
				ORGANIZATIONNAME = "Brian Young";
				TargetAttributes = {
					D340CC721B6D3E7600BB17E3 = {
						CreatedOnToolsVersion = 6.4;
					};
					D340CC871B6D3E7600BB17E3 = {
						CreatedOnToolsVersion = 6.4;
						TestTargetID = D340CC721B6D3E7600BB17E3;
					};
				};
			};
			buildConfigurationList = D340CC6E1B6D3E7600BB17E3 /* Build configuration list for PBXProject "GeekSpeak Show Timer" */;
			compatibilityVersion = "Xcode 3.2";
			developmentRegion = English;
			hasScannedForEncodings = 0;
			knownRegions = (
				en,
				Base,
			);
			mainGroup = D340CC6A1B6D3E7600BB17E3;
			productRefGroup = D340CC741B6D3E7600BB17E3 /* Products */;
			projectDirPath = "";
			projectRoot = "";
			targets = (
				D340CC721B6D3E7600BB17E3 /* GeekSpeak Show Timer */,
				D340CC871B6D3E7600BB17E3 /* GeekSpeak Show TimerTests */,
			);
		};
/* End PBXProject section */

/* Begin PBXResourcesBuildPhase section */
		D340CC711B6D3E7600BB17E3 /* Resources */ = {
			isa = PBXResourcesBuildPhase;
			buildActionMask = 2147483647;
			files = (
				D3463F681B713E0D002C68A8 /* Settings.bundle in Resources */,
				D340CC7E1B6D3E7600BB17E3 /* Main.storyboard in Resources */,
				D340CC831B6D3E7600BB17E3 /* LaunchScreen.xib in Resources */,
				D340CC801B6D3E7600BB17E3 /* Images.xcassets in Resources */,
			);
			runOnlyForDeploymentPostprocessing = 0;
		};
		D340CC861B6D3E7600BB17E3 /* Resources */ = {
			isa = PBXResourcesBuildPhase;
			buildActionMask = 2147483647;
			files = (
			);
			runOnlyForDeploymentPostprocessing = 0;
		};
/* End PBXResourcesBuildPhase section */

/* Begin PBXShellScriptBuildPhase section */
		D3C487B11B71BFF800B8067E /* ShellScript */ = {
			isa = PBXShellScriptBuildPhase;
			buildActionMask = 2147483647;
			files = (
			);
			inputPaths = (
			);
			outputPaths = (
			);
			runOnlyForDeploymentPostprocessing = 0;
			shellPath = /bin/sh;
			shellScript = "TAGS=\"TODO:|FIXME:\"\nERRORTAG=\"ERROR:\"\nfind \"${SRCROOT}\" \\( -name \"*.h\" -or -name \"*.m\" -or -name \"*.swift\" \\) -print0 | xargs -0 egrep --with-filename --line-number --only-matching \"($TAGS).*\\$|($ERRORTAG).*\\$\" | perl -p -e \"s/($TAGS)/ warning: \\$1/\" | perl -p -e \"s/($ERRORTAG)/ error: \\$1/\"";
		};
/* End PBXShellScriptBuildPhase section */

/* Begin PBXSourcesBuildPhase section */
		D340CC6F1B6D3E7600BB17E3 /* Sources */ = {
			isa = PBXSourcesBuildPhase;
			buildActionMask = 2147483647;
			files = (
				D340CCB51B6D939F00BB17E3 /* UIColor+DarkenColor.swift in Sources */,
				D340CCBE1B6DE30100BB17E3 /* SplitViewController.swift in Sources */,
				D320C3611B6FF5E90046F785 /* UIImage+ImageEffects.m in Sources */,
				D3C487B31B726F3300B8067E /* Timer+StatePreservation.swift in Sources */,
				D340CCAC1B6D711700BB17E3 /* RingView.swift in Sources */,
				D3912C771B6F1476003B42F1 /* Timer+Types.swift in Sources */,
				D3912C751B6E9D73003B42F1 /* BCYStandardLibrary.swift in Sources */,
				D340CCAA1B6D6AD300BB17E3 /* RingLayer.m in Sources */,
				D340CCA51B6D556D00BB17E3 /* AngularType.swift in Sources */,
				D340CCBA1B6DDD5400BB17E3 /* TimerViews.swift in Sources */,
				D340CCA31B6D556D00BB17E3 /* Angle.swift in Sources */,
				D3912C731B6E9CED003B42F1 /* Timer.swift in Sources */,
				D340CCA41B6D556D00BB17E3 /* AccumulatedAngle.swift in Sources */,
				D340CC9E1B6D504500BB17E3 /* PieShapeView.swift in Sources */,
				D3F699A11B72DE0900BD21FD /* PieShapeView+Progress.swift in Sources */,
				D3912C711B6E93B7003B42F1 /* SettingsViewController.swift in Sources */,
				D340CC9F1B6D504500BB17E3 /* PieShapeLayer.m in Sources */,
				D340CCB11B6D8B9600BB17E3 /* PartialRingView.swift in Sources */,
				D340CCB71B6D9C6400BB17E3 /* FillView.swift in Sources */,
				D340CCB31B6D91FF00BB17E3 /* TimerViewController.swift in Sources */,
				D340CC791B6D3E7600BB17E3 /* AppDelegate.swift in Sources */,
			);
			runOnlyForDeploymentPostprocessing = 0;
		};
		D340CC841B6D3E7600BB17E3 /* Sources */ = {
			isa = PBXSourcesBuildPhase;
			buildActionMask = 2147483647;
			files = (
				D340CC8F1B6D3E7600BB17E3 /* GeekSpeak_Show_TimerTests.swift in Sources */,
			);
			runOnlyForDeploymentPostprocessing = 0;
		};
/* End PBXSourcesBuildPhase section */

/* Begin PBXTargetDependency section */
		D340CC8A1B6D3E7600BB17E3 /* PBXTargetDependency */ = {
			isa = PBXTargetDependency;
			target = D340CC721B6D3E7600BB17E3 /* GeekSpeak Show Timer */;
			targetProxy = D340CC891B6D3E7600BB17E3 /* PBXContainerItemProxy */;
		};
/* End PBXTargetDependency section */

/* Begin PBXVariantGroup section */
		D340CC7C1B6D3E7600BB17E3 /* Main.storyboard */ = {
			isa = PBXVariantGroup;
			children = (
				D340CC7D1B6D3E7600BB17E3 /* Base */,
			);
			name = Main.storyboard;
			sourceTree = "<group>";
		};
		D340CC811B6D3E7600BB17E3 /* LaunchScreen.xib */ = {
			isa = PBXVariantGroup;
			children = (
				D340CC821B6D3E7600BB17E3 /* Base */,
			);
			name = LaunchScreen.xib;
			sourceTree = "<group>";
		};
/* End PBXVariantGroup section */

/* Begin XCBuildConfiguration section */
		D340CC901B6D3E7600BB17E3 /* Debug */ = {
			isa = XCBuildConfiguration;
			buildSettings = {
				ALWAYS_SEARCH_USER_PATHS = NO;
				CLANG_CXX_LANGUAGE_STANDARD = "gnu++0x";
				CLANG_CXX_LIBRARY = "libc++";
				CLANG_ENABLE_MODULES = YES;
				CLANG_ENABLE_OBJC_ARC = YES;
				CLANG_WARN_BOOL_CONVERSION = YES;
				CLANG_WARN_CONSTANT_CONVERSION = YES;
				CLANG_WARN_DIRECT_OBJC_ISA_USAGE = YES_ERROR;
				CLANG_WARN_EMPTY_BODY = YES;
				CLANG_WARN_ENUM_CONVERSION = YES;
				CLANG_WARN_INT_CONVERSION = YES;
				CLANG_WARN_OBJC_ROOT_CLASS = YES_ERROR;
				CLANG_WARN_UNREACHABLE_CODE = YES;
				CLANG_WARN__DUPLICATE_METHOD_MATCH = YES;
				"CODE_SIGN_IDENTITY[sdk=iphoneos*]" = "iPhone Developer";
				COPY_PHASE_STRIP = NO;
				DEBUG_INFORMATION_FORMAT = "dwarf-with-dsym";
				ENABLE_STRICT_OBJC_MSGSEND = YES;
				GCC_C_LANGUAGE_STANDARD = gnu99;
				GCC_DYNAMIC_NO_PIC = NO;
				GCC_NO_COMMON_BLOCKS = YES;
				GCC_OPTIMIZATION_LEVEL = 0;
				GCC_PREPROCESSOR_DEFINITIONS = (
					"DEBUG=1",
					"$(inherited)",
				);
				GCC_SYMBOLS_PRIVATE_EXTERN = NO;
				GCC_WARN_64_TO_32_BIT_CONVERSION = YES;
				GCC_WARN_ABOUT_RETURN_TYPE = YES_ERROR;
				GCC_WARN_UNDECLARED_SELECTOR = YES;
				GCC_WARN_UNINITIALIZED_AUTOS = YES_AGGRESSIVE;
				GCC_WARN_UNUSED_FUNCTION = YES;
				GCC_WARN_UNUSED_VARIABLE = YES;
				IPHONEOS_DEPLOYMENT_TARGET = 8.0;
				MTL_ENABLE_DEBUG_INFO = YES;
				ONLY_ACTIVE_ARCH = YES;
				SDKROOT = iphoneos;
				SWIFT_OPTIMIZATION_LEVEL = "-Onone";
				TARGETED_DEVICE_FAMILY = "1,2";
			};
			name = Debug;
		};
		D340CC911B6D3E7600BB17E3 /* Release */ = {
			isa = XCBuildConfiguration;
			buildSettings = {
				ALWAYS_SEARCH_USER_PATHS = NO;
				CLANG_CXX_LANGUAGE_STANDARD = "gnu++0x";
				CLANG_CXX_LIBRARY = "libc++";
				CLANG_ENABLE_MODULES = YES;
				CLANG_ENABLE_OBJC_ARC = YES;
				CLANG_WARN_BOOL_CONVERSION = YES;
				CLANG_WARN_CONSTANT_CONVERSION = YES;
				CLANG_WARN_DIRECT_OBJC_ISA_USAGE = YES_ERROR;
				CLANG_WARN_EMPTY_BODY = YES;
				CLANG_WARN_ENUM_CONVERSION = YES;
				CLANG_WARN_INT_CONVERSION = YES;
				CLANG_WARN_OBJC_ROOT_CLASS = YES_ERROR;
				CLANG_WARN_UNREACHABLE_CODE = YES;
				CLANG_WARN__DUPLICATE_METHOD_MATCH = YES;
				"CODE_SIGN_IDENTITY[sdk=iphoneos*]" = "iPhone Developer";
				COPY_PHASE_STRIP = NO;
				DEBUG_INFORMATION_FORMAT = "dwarf-with-dsym";
				ENABLE_NS_ASSERTIONS = NO;
				ENABLE_STRICT_OBJC_MSGSEND = YES;
				GCC_C_LANGUAGE_STANDARD = gnu99;
				GCC_NO_COMMON_BLOCKS = YES;
				GCC_WARN_64_TO_32_BIT_CONVERSION = YES;
				GCC_WARN_ABOUT_RETURN_TYPE = YES_ERROR;
				GCC_WARN_UNDECLARED_SELECTOR = YES;
				GCC_WARN_UNINITIALIZED_AUTOS = YES_AGGRESSIVE;
				GCC_WARN_UNUSED_FUNCTION = YES;
				GCC_WARN_UNUSED_VARIABLE = YES;
				IPHONEOS_DEPLOYMENT_TARGET = 8.0;
				MTL_ENABLE_DEBUG_INFO = NO;
				SDKROOT = iphoneos;
				TARGETED_DEVICE_FAMILY = "1,2";
				VALIDATE_PRODUCT = YES;
			};
			name = Release;
		};
		D340CC931B6D3E7600BB17E3 /* Debug */ = {
			isa = XCBuildConfiguration;
			buildSettings = {
				ASSETCATALOG_COMPILER_APPICON_NAME = AppIcon;
				CLANG_ENABLE_MODULES = YES;
				INFOPLIST_FILE = "GeekSpeak Show Timer/Info.plist";
				LD_RUNPATH_SEARCH_PATHS = "$(inherited) @executable_path/Frameworks";
				PRODUCT_NAME = "$(TARGET_NAME)";
				SWIFT_OBJC_BRIDGING_HEADER = "GeekSpeak Show Timer/GeekSpeak Show Timer-Bridging-Header.h";
				SWIFT_OPTIMIZATION_LEVEL = "-Onone";
			};
			name = Debug;
		};
		D340CC941B6D3E7600BB17E3 /* Release */ = {
			isa = XCBuildConfiguration;
			buildSettings = {
				ASSETCATALOG_COMPILER_APPICON_NAME = AppIcon;
				CLANG_ENABLE_MODULES = YES;
				INFOPLIST_FILE = "GeekSpeak Show Timer/Info.plist";
				LD_RUNPATH_SEARCH_PATHS = "$(inherited) @executable_path/Frameworks";
				PRODUCT_NAME = "$(TARGET_NAME)";
				SWIFT_OBJC_BRIDGING_HEADER = "GeekSpeak Show Timer/GeekSpeak Show Timer-Bridging-Header.h";
			};
			name = Release;
		};
		D340CC961B6D3E7600BB17E3 /* Debug */ = {
			isa = XCBuildConfiguration;
			buildSettings = {
				BUNDLE_LOADER = "$(TEST_HOST)";
				FRAMEWORK_SEARCH_PATHS = (
					"$(SDKROOT)/Developer/Library/Frameworks",
					"$(inherited)",
				);
				GCC_PREPROCESSOR_DEFINITIONS = (
					"DEBUG=1",
					"$(inherited)",
				);
				INFOPLIST_FILE = "GeekSpeak Show TimerTests/Info.plist";
				LD_RUNPATH_SEARCH_PATHS = "$(inherited) @executable_path/Frameworks @loader_path/Frameworks";
				PRODUCT_NAME = "$(TARGET_NAME)";
				TEST_HOST = "$(BUILT_PRODUCTS_DIR)/GeekSpeak Show Timer.app/GeekSpeak Show Timer";
			};
			name = Debug;
		};
		D340CC971B6D3E7600BB17E3 /* Release */ = {
			isa = XCBuildConfiguration;
			buildSettings = {
				BUNDLE_LOADER = "$(TEST_HOST)";
				FRAMEWORK_SEARCH_PATHS = (
					"$(SDKROOT)/Developer/Library/Frameworks",
					"$(inherited)",
				);
				INFOPLIST_FILE = "GeekSpeak Show TimerTests/Info.plist";
				LD_RUNPATH_SEARCH_PATHS = "$(inherited) @executable_path/Frameworks @loader_path/Frameworks";
				PRODUCT_NAME = "$(TARGET_NAME)";
				TEST_HOST = "$(BUILT_PRODUCTS_DIR)/GeekSpeak Show Timer.app/GeekSpeak Show Timer";
			};
			name = Release;
		};
/* End XCBuildConfiguration section */

/* Begin XCConfigurationList section */
		D340CC6E1B6D3E7600BB17E3 /* Build configuration list for PBXProject "GeekSpeak Show Timer" */ = {
			isa = XCConfigurationList;
			buildConfigurations = (
				D340CC901B6D3E7600BB17E3 /* Debug */,
				D340CC911B6D3E7600BB17E3 /* Release */,
			);
			defaultConfigurationIsVisible = 0;
			defaultConfigurationName = Release;
		};
		D340CC921B6D3E7600BB17E3 /* Build configuration list for PBXNativeTarget "GeekSpeak Show Timer" */ = {
			isa = XCConfigurationList;
			buildConfigurations = (
				D340CC931B6D3E7600BB17E3 /* Debug */,
				D340CC941B6D3E7600BB17E3 /* Release */,
			);
			defaultConfigurationIsVisible = 0;
			defaultConfigurationName = Release;
		};
		D340CC951B6D3E7600BB17E3 /* Build configuration list for PBXNativeTarget "GeekSpeak Show TimerTests" */ = {
			isa = XCConfigurationList;
			buildConfigurations = (
				D340CC961B6D3E7600BB17E3 /* Debug */,
				D340CC971B6D3E7600BB17E3 /* Release */,
			);
			defaultConfigurationIsVisible = 0;
			defaultConfigurationName = Release;
		};
/* End XCConfigurationList section */
	};
	rootObject = D340CC6B1B6D3E7600BB17E3 /* Project object */;
}
