// !$*UTF8*$!
{
	archiveVersion = 1;
	classes = {
	};
	objectVersion = 46;
	objects = {

/* Begin PBXBuildFile section */
		D30119FE1BD0B7940008D04A /* BackButton.swift in Sources */ = {isa = PBXBuildFile; fileRef = D30119FD1BD0B7940008D04A /* BackButton.swift */; };
		D30F6F1D1BAF306A00CF069A /* RingLayer.swift in Sources */ = {isa = PBXBuildFile; fileRef = D30F6F1C1BAF306A00CF069A /* RingLayer.swift */; };
		D30F6F1E1BAF306A00CF069A /* RingLayer.swift in Sources */ = {isa = PBXBuildFile; fileRef = D30F6F1C1BAF306A00CF069A /* RingLayer.swift */; };
		D30F6F201BAF95A000CF069A /* TauAngle.swift in Sources */ = {isa = PBXBuildFile; fileRef = D30F6F1F1BAF95A000CF069A /* TauAngle.swift */; };
		D30F6F211BAF95A000CF069A /* TauAngle.swift in Sources */ = {isa = PBXBuildFile; fileRef = D30F6F1F1BAF95A000CF069A /* TauAngle.swift */; };
		D31864EC1BA6605A0083B46E /* RingDrawing.swift in Sources */ = {isa = PBXBuildFile; fileRef = D31864EB1BA6605A0083B46E /* RingDrawing.swift */; };
		D31864ED1BA6605A0083B46E /* RingDrawing.swift in Sources */ = {isa = PBXBuildFile; fileRef = D31864EB1BA6605A0083B46E /* RingDrawing.swift */; };
		D320C3611B6FF5E90046F785 /* UIImage+ImageEffects.m in Sources */ = {isa = PBXBuildFile; fileRef = D320C3601B6FF5E90046F785 /* UIImage+ImageEffects.m */; };
		D32B9DED1B77F6740098DCCF /* UIImage+WithColor.swift in Sources */ = {isa = PBXBuildFile; fileRef = D32B9DEC1B77F6740098DCCF /* UIImage+WithColor.swift */; };
		D33789BD1BD3687900ACC28D /* BackView.swift in Sources */ = {isa = PBXBuildFile; fileRef = D33789BC1BD3687900ACC28D /* BackView.swift */; };
		D340CC791B6D3E7600BB17E3 /* AppDelegate.swift in Sources */ = {isa = PBXBuildFile; fileRef = D340CC781B6D3E7600BB17E3 /* AppDelegate.swift */; };
		D340CC7E1B6D3E7600BB17E3 /* Main.storyboard in Resources */ = {isa = PBXBuildFile; fileRef = D340CC7C1B6D3E7600BB17E3 /* Main.storyboard */; };
		D340CC801B6D3E7600BB17E3 /* Images.xcassets in Resources */ = {isa = PBXBuildFile; fileRef = D340CC7F1B6D3E7600BB17E3 /* Images.xcassets */; };
		D340CC831B6D3E7600BB17E3 /* LaunchScreen.xib in Resources */ = {isa = PBXBuildFile; fileRef = D340CC811B6D3E7600BB17E3 /* LaunchScreen.xib */; };
		D340CC8F1B6D3E7600BB17E3 /* GeekSpeak_Show_TimerTests.swift in Sources */ = {isa = PBXBuildFile; fileRef = D340CC8E1B6D3E7600BB17E3 /* GeekSpeak_Show_TimerTests.swift */; };
		D340CC9E1B6D504500BB17E3 /* PieShapeView.swift in Sources */ = {isa = PBXBuildFile; fileRef = D340CC9B1B6D504500BB17E3 /* PieShapeView.swift */; };
		D340CC9F1B6D504500BB17E3 /* GSTPieLayer.m in Sources */ = {isa = PBXBuildFile; fileRef = D340CC9D1B6D504500BB17E3 /* GSTPieLayer.m */; };
		D340CCA31B6D556D00BB17E3 /* Angle.swift in Sources */ = {isa = PBXBuildFile; fileRef = D340CCA01B6D556D00BB17E3 /* Angle.swift */; };
		D340CCA41B6D556D00BB17E3 /* AccumulatedAngle.swift in Sources */ = {isa = PBXBuildFile; fileRef = D340CCA11B6D556D00BB17E3 /* AccumulatedAngle.swift */; };
		D340CCA51B6D556D00BB17E3 /* AngularType.swift in Sources */ = {isa = PBXBuildFile; fileRef = D340CCA21B6D556D00BB17E3 /* AngularType.swift */; };
		D340CCB11B6D8B9600BB17E3 /* RingView.swift in Sources */ = {isa = PBXBuildFile; fileRef = D340CCB01B6D8B9600BB17E3 /* RingView.swift */; };
		D340CCB31B6D91FF00BB17E3 /* TimerViewController.swift in Sources */ = {isa = PBXBuildFile; fileRef = D340CCB21B6D91FF00BB17E3 /* TimerViewController.swift */; };
		D340CCB51B6D939F00BB17E3 /* UIColor+DarkenColor.swift in Sources */ = {isa = PBXBuildFile; fileRef = D340CCB41B6D939F00BB17E3 /* UIColor+DarkenColor.swift */; };
		D340CCB71B6D9C6400BB17E3 /* FillView.swift in Sources */ = {isa = PBXBuildFile; fileRef = D340CCB61B6D9C6400BB17E3 /* FillView.swift */; };
		D340CCBA1B6DDD5400BB17E3 /* TimerViews.swift in Sources */ = {isa = PBXBuildFile; fileRef = D340CCB91B6DDD5400BB17E3 /* TimerViews.swift */; };
		D3463F681B713E0D002C68A8 /* Settings.bundle in Resources */ = {isa = PBXBuildFile; fileRef = D3463F671B713E0D002C68A8 /* Settings.bundle */; };
		D34C13DE1BBCEEB500649676 /* RECommonFunctions.m in Sources */ = {isa = PBXBuildFile; fileRef = D34C13D31BBCEEB400649676 /* RECommonFunctions.m */; };
		D34C13DF1BBCEEB500649676 /* REFrostedContainerViewController.m in Sources */ = {isa = PBXBuildFile; fileRef = D34C13D51BBCEEB400649676 /* REFrostedContainerViewController.m */; };
		D34C13E01BBCEEB500649676 /* REFrostedViewController.m in Sources */ = {isa = PBXBuildFile; fileRef = D34C13D71BBCEEB400649676 /* REFrostedViewController.m */; };
		D34C13E11BBCEEB500649676 /* UIImage+REFrostedViewController.m in Sources */ = {isa = PBXBuildFile; fileRef = D34C13D91BBCEEB400649676 /* UIImage+REFrostedViewController.m */; };
		D34C13E21BBCEEB500649676 /* UIView+REFrostedViewController.m in Sources */ = {isa = PBXBuildFile; fileRef = D34C13DB1BBCEEB500649676 /* UIView+REFrostedViewController.m */; };
		D34C13E31BBCEEB500649676 /* UIViewController+REFrostedViewController.m in Sources */ = {isa = PBXBuildFile; fileRef = D34C13DD1BBCEEB500649676 /* UIViewController+REFrostedViewController.m */; };
		D34C13E51BBCF03500649676 /* PrimaryViewController.swift in Sources */ = {isa = PBXBuildFile; fileRef = D34C13E41BBCF03500649676 /* PrimaryViewController.swift */; };
		D353A2E11BDD921300BFFA65 /* ActivityView.swift in Sources */ = {isa = PBXBuildFile; fileRef = D353A2DC1BDD921300BFFA65 /* ActivityView.swift */; };
		D353A2E21BDD921300BFFA65 /* NextButton.swift in Sources */ = {isa = PBXBuildFile; fileRef = D353A2DD1BDD921300BFFA65 /* NextButton.swift */; };
		D353A2E31BDD921300BFFA65 /* NextView.swift in Sources */ = {isa = PBXBuildFile; fileRef = D353A2DE1BDD921300BFFA65 /* NextView.swift */; };
		D353A2E41BDD921300BFFA65 /* PieLayer.swift in Sources */ = {isa = PBXBuildFile; fileRef = D353A2DF1BDD921300BFFA65 /* PieLayer.swift */; };
		D353A2E51BDD921300BFFA65 /* StartPauseView.swift in Sources */ = {isa = PBXBuildFile; fileRef = D353A2E01BDD921300BFFA65 /* StartPauseView.swift */; };
		D353A2E71BDD930800BFFA65 /* flash.png in Resources */ = {isa = PBXBuildFile; fileRef = D353A2E61BDD930800BFFA65 /* flash.png */; };
		D367427F1B9CDDED00EE13F7 /* Array+Bool.swift in Sources */ = {isa = PBXBuildFile; fileRef = D367427E1B9CDDED00EE13F7 /* Array+Bool.swift */; };
		D36742811B9D33FE00EE13F7 /* NextSegmentButton.swift in Sources */ = {isa = PBXBuildFile; fileRef = D36742801B9D33FE00EE13F7 /* NextSegmentButton.swift */; };
		D36742831B9D343100EE13F7 /* ShapesButton.swift in Sources */ = {isa = PBXBuildFile; fileRef = D36742821B9D343100EE13F7 /* ShapesButton.swift */; };
		D37795391BD41C84003DC048 /* StartPauseButton.swift in Sources */ = {isa = PBXBuildFile; fileRef = D37795381BD41C84003DC048 /* StartPauseButton.swift */; };
		D384BC541B7EF41C0024BCB0 /* TimerViewController+TimerNotifications.swift in Sources */ = {isa = PBXBuildFile; fileRef = D384BC531B7EF41C0024BCB0 /* TimerViewController+TimerNotifications.swift */; };
		D384BC561B7F001F0024BCB0 /* SettingsViewController+TimerNotifications.swift in Sources */ = {isa = PBXBuildFile; fileRef = D384BC551B7F001F0024BCB0 /* SettingsViewController+TimerNotifications.swift */; };
		D3912C711B6E93B7003B42F1 /* SettingsViewController.swift in Sources */ = {isa = PBXBuildFile; fileRef = D3912C701B6E93B7003B42F1 /* SettingsViewController.swift */; };
		D3912C731B6E9CED003B42F1 /* Timer.swift in Sources */ = {isa = PBXBuildFile; fileRef = D3912C721B6E9CED003B42F1 /* Timer.swift */; };
		D3912C751B6E9D73003B42F1 /* BCYStandardLibrary.swift in Sources */ = {isa = PBXBuildFile; fileRef = D3912C741B6E9D73003B42F1 /* BCYStandardLibrary.swift */; };
		D3912C771B6F1476003B42F1 /* Timer+Types.swift in Sources */ = {isa = PBXBuildFile; fileRef = D3912C761B6F1476003B42F1 /* Timer+Types.swift */; };
		D3991DBD1B9FBF1B00C63286 /* AppDelegate.swift in Sources */ = {isa = PBXBuildFile; fileRef = D3991DBC1B9FBF1B00C63286 /* AppDelegate.swift */; };
		D3991DBF1B9FBF1B00C63286 /* ViewController.swift in Sources */ = {isa = PBXBuildFile; fileRef = D3991DBE1B9FBF1B00C63286 /* ViewController.swift */; };
		D3991DC21B9FBF1B00C63286 /* Main.storyboard in Resources */ = {isa = PBXBuildFile; fileRef = D3991DC01B9FBF1B00C63286 /* Main.storyboard */; };
		D3991DC41B9FBF1B00C63286 /* Images.xcassets in Resources */ = {isa = PBXBuildFile; fileRef = D3991DC31B9FBF1B00C63286 /* Images.xcassets */; };
		D3991DC71B9FBF1B00C63286 /* LaunchScreen.xib in Resources */ = {isa = PBXBuildFile; fileRef = D3991DC51B9FBF1B00C63286 /* LaunchScreen.xib */; };
		D3991DD31B9FBF1B00C63286 /* RingLayerPlayTests.swift in Sources */ = {isa = PBXBuildFile; fileRef = D3991DD21B9FBF1B00C63286 /* RingLayerPlayTests.swift */; };
		D39DAD1A1B917229007D797C /* Appearance.swift in Sources */ = {isa = PBXBuildFile; fileRef = D39DAD191B917229007D797C /* Appearance.swift */; };
		D3C0807B1B9BB6290020A4A0 /* PlayPauseWipeButton.swift in Sources */ = {isa = PBXBuildFile; fileRef = D3EC191B1B94EB5000A8E426 /* PlayPauseWipeButton.swift */; };
		D3C487B31B726F3300B8067E /* Timer+StatePreservation.swift in Sources */ = {isa = PBXBuildFile; fileRef = D3C487B21B726F3300B8067E /* Timer+StatePreservation.swift */; };
		D3C8F10D1BD4ABA3009E2A61 /* ButtonShapes.swift in Sources */ = {isa = PBXBuildFile; fileRef = D3C8F10C1BD4ABA3009E2A61 /* ButtonShapes.swift */; };
		D3C8F10F1BD4AD74009E2A61 /* ControlsView.swift in Sources */ = {isa = PBXBuildFile; fileRef = D3C8F10E1BD4AD74009E2A61 /* ControlsView.swift */; };
		D3DFF55C1BA5EF8000A4700D /* RingPoint.swift in Sources */ = {isa = PBXBuildFile; fileRef = D3DFF55B1BA5EF8000A4700D /* RingPoint.swift */; };
		D3DFF55E1BA5EF8700A4700D /* RingCircle.swift in Sources */ = {isa = PBXBuildFile; fileRef = D3DFF55D1BA5EF8700A4700D /* RingCircle.swift */; };
		D3DFF55F1BA5F27300A4700D /* RingPoint.swift in Sources */ = {isa = PBXBuildFile; fileRef = D3DFF55B1BA5EF8000A4700D /* RingPoint.swift */; };
		D3DFF5601BA5F27300A4700D /* RingCircle.swift in Sources */ = {isa = PBXBuildFile; fileRef = D3DFF55D1BA5EF8700A4700D /* RingCircle.swift */; };
		D3F699A11B72DE0900BD21FD /* PieShapeView+Progress.swift in Sources */ = {isa = PBXBuildFile; fileRef = D3F699A01B72DE0900BD21FD /* PieShapeView+Progress.swift */; };
		D3F7BA6B1B9FBF6600BA2936 /* RingView.swift in Sources */ = {isa = PBXBuildFile; fileRef = D340CCB01B6D8B9600BB17E3 /* RingView.swift */; };
		D3F7BA6F1B9FBF7500BA2936 /* SizeToSuperView.swift in Sources */ = {isa = PBXBuildFile; fileRef = D3FD350B1B9B939200CE15F6 /* SizeToSuperView.swift */; };
		D3F7BA711B9FC1C600BA2936 /* Angle.swift in Sources */ = {isa = PBXBuildFile; fileRef = D340CCA01B6D556D00BB17E3 /* Angle.swift */; };
		D3F7BA721B9FC1C600BA2936 /* AccumulatedAngle.swift in Sources */ = {isa = PBXBuildFile; fileRef = D340CCA11B6D556D00BB17E3 /* AccumulatedAngle.swift */; };
		D3F7BA731B9FC1C600BA2936 /* AngularType.swift in Sources */ = {isa = PBXBuildFile; fileRef = D340CCA21B6D556D00BB17E3 /* AngularType.swift */; };
		D3FD35061B9B650A00CE15F6 /* TimeWipeButton.swift in Sources */ = {isa = PBXBuildFile; fileRef = D3FD35051B9B650A00CE15F6 /* TimeWipeButton.swift */; };
		D3FD35081B9B6B8B00CE15F6 /* ShapesView.swift in Sources */ = {isa = PBXBuildFile; fileRef = D3FD35071B9B6B8B00CE15F6 /* ShapesView.swift */; };
		D3FD350A1B9B727C00CE15F6 /* SizableBezierPath.swift in Sources */ = {isa = PBXBuildFile; fileRef = D3FD35091B9B727C00CE15F6 /* SizableBezierPath.swift */; };
		D3FD350C1B9B939200CE15F6 /* SizeToSuperView.swift in Sources */ = {isa = PBXBuildFile; fileRef = D3FD350B1B9B939200CE15F6 /* SizeToSuperView.swift */; };
/* End PBXBuildFile section */

/* Begin PBXContainerItemProxy section */
		D340CC891B6D3E7600BB17E3 /* PBXContainerItemProxy */ = {
			isa = PBXContainerItemProxy;
			containerPortal = D340CC6B1B6D3E7600BB17E3 /* Project object */;
			proxyType = 1;
			remoteGlobalIDString = D340CC721B6D3E7600BB17E3;
			remoteInfo = "GeekSpeak Show Timer";
		};
		D3991DCD1B9FBF1B00C63286 /* PBXContainerItemProxy */ = {
			isa = PBXContainerItemProxy;
			containerPortal = D340CC6B1B6D3E7600BB17E3 /* Project object */;
			proxyType = 1;
			remoteGlobalIDString = D3991DB71B9FBF1B00C63286;
			remoteInfo = RingLayerPlay;
		};
/* End PBXContainerItemProxy section */

/* Begin PBXFileReference section */
		D30119FD1BD0B7940008D04A /* BackButton.swift */ = {isa = PBXFileReference; fileEncoding = 4; lastKnownFileType = sourcecode.swift; path = BackButton.swift; sourceTree = "<group>"; };
		D30F6F1C1BAF306A00CF069A /* RingLayer.swift */ = {isa = PBXFileReference; fileEncoding = 4; lastKnownFileType = sourcecode.swift; path = RingLayer.swift; sourceTree = "<group>"; };
		D30F6F1F1BAF95A000CF069A /* TauAngle.swift */ = {isa = PBXFileReference; fileEncoding = 4; lastKnownFileType = sourcecode.swift; path = TauAngle.swift; sourceTree = "<group>"; };
		D31864EB1BA6605A0083B46E /* RingDrawing.swift */ = {isa = PBXFileReference; fileEncoding = 4; lastKnownFileType = sourcecode.swift; path = RingDrawing.swift; sourceTree = "<group>"; };
		D320C35F1B6FF5E90046F785 /* UIImage+ImageEffects.h */ = {isa = PBXFileReference; fileEncoding = 4; lastKnownFileType = sourcecode.c.h; path = "UIImage+ImageEffects.h"; sourceTree = "<group>"; };
		D320C3601B6FF5E90046F785 /* UIImage+ImageEffects.m */ = {isa = PBXFileReference; fileEncoding = 4; lastKnownFileType = sourcecode.c.objc; path = "UIImage+ImageEffects.m"; sourceTree = "<group>"; };
		D32B9DEC1B77F6740098DCCF /* UIImage+WithColor.swift */ = {isa = PBXFileReference; fileEncoding = 4; lastKnownFileType = sourcecode.swift; path = "UIImage+WithColor.swift"; sourceTree = "<group>"; };
		D33789BC1BD3687900ACC28D /* BackView.swift */ = {isa = PBXFileReference; fileEncoding = 4; lastKnownFileType = sourcecode.swift; path = BackView.swift; sourceTree = "<group>"; };
		D340CC731B6D3E7600BB17E3 /* GeekSpeak Show Timer.app */ = {isa = PBXFileReference; explicitFileType = wrapper.application; includeInIndex = 0; path = "GeekSpeak Show Timer.app"; sourceTree = BUILT_PRODUCTS_DIR; };
		D340CC771B6D3E7600BB17E3 /* Info.plist */ = {isa = PBXFileReference; lastKnownFileType = text.plist.xml; path = Info.plist; sourceTree = "<group>"; };
		D340CC781B6D3E7600BB17E3 /* AppDelegate.swift */ = {isa = PBXFileReference; lastKnownFileType = sourcecode.swift; path = AppDelegate.swift; sourceTree = "<group>"; };
		D340CC7D1B6D3E7600BB17E3 /* Base */ = {isa = PBXFileReference; lastKnownFileType = file.storyboard; name = Base; path = Base.lproj/Main.storyboard; sourceTree = "<group>"; };
		D340CC7F1B6D3E7600BB17E3 /* Images.xcassets */ = {isa = PBXFileReference; lastKnownFileType = folder.assetcatalog; path = Images.xcassets; sourceTree = "<group>"; };
		D340CC821B6D3E7600BB17E3 /* Base */ = {isa = PBXFileReference; lastKnownFileType = file.xib; name = Base; path = Base.lproj/LaunchScreen.xib; sourceTree = "<group>"; };
		D340CC881B6D3E7600BB17E3 /* GeekSpeak Show TimerTests.xctest */ = {isa = PBXFileReference; explicitFileType = wrapper.cfbundle; includeInIndex = 0; path = "GeekSpeak Show TimerTests.xctest"; sourceTree = BUILT_PRODUCTS_DIR; };
		D340CC8D1B6D3E7600BB17E3 /* Info.plist */ = {isa = PBXFileReference; lastKnownFileType = text.plist.xml; path = Info.plist; sourceTree = "<group>"; };
		D340CC8E1B6D3E7600BB17E3 /* GeekSpeak_Show_TimerTests.swift */ = {isa = PBXFileReference; lastKnownFileType = sourcecode.swift; path = GeekSpeak_Show_TimerTests.swift; sourceTree = "<group>"; };
		D340CC9A1B6D504400BB17E3 /* GeekSpeak Show Timer-Bridging-Header.h */ = {isa = PBXFileReference; lastKnownFileType = sourcecode.c.h; path = "GeekSpeak Show Timer-Bridging-Header.h"; sourceTree = "<group>"; };
		D340CC9B1B6D504500BB17E3 /* PieShapeView.swift */ = {isa = PBXFileReference; fileEncoding = 4; lastKnownFileType = sourcecode.swift; path = PieShapeView.swift; sourceTree = "<group>"; };
		D340CC9C1B6D504500BB17E3 /* GSTPieLayer.h */ = {isa = PBXFileReference; fileEncoding = 4; lastKnownFileType = sourcecode.c.h; path = GSTPieLayer.h; sourceTree = "<group>"; };
		D340CC9D1B6D504500BB17E3 /* GSTPieLayer.m */ = {isa = PBXFileReference; fileEncoding = 4; lastKnownFileType = sourcecode.c.objc; path = GSTPieLayer.m; sourceTree = "<group>"; };
		D340CCA01B6D556D00BB17E3 /* Angle.swift */ = {isa = PBXFileReference; fileEncoding = 4; lastKnownFileType = sourcecode.swift; path = Angle.swift; sourceTree = "<group>"; };
		D340CCA11B6D556D00BB17E3 /* AccumulatedAngle.swift */ = {isa = PBXFileReference; fileEncoding = 4; lastKnownFileType = sourcecode.swift; path = AccumulatedAngle.swift; sourceTree = "<group>"; };
		D340CCA21B6D556D00BB17E3 /* AngularType.swift */ = {isa = PBXFileReference; fileEncoding = 4; lastKnownFileType = sourcecode.swift; path = AngularType.swift; sourceTree = "<group>"; };
		D340CCB01B6D8B9600BB17E3 /* RingView.swift */ = {isa = PBXFileReference; fileEncoding = 4; lastKnownFileType = sourcecode.swift; path = RingView.swift; sourceTree = "<group>"; };
		D340CCB21B6D91FF00BB17E3 /* TimerViewController.swift */ = {isa = PBXFileReference; fileEncoding = 4; lastKnownFileType = sourcecode.swift; path = TimerViewController.swift; sourceTree = "<group>"; };
		D340CCB41B6D939F00BB17E3 /* UIColor+DarkenColor.swift */ = {isa = PBXFileReference; fileEncoding = 4; lastKnownFileType = sourcecode.swift; path = "UIColor+DarkenColor.swift"; sourceTree = "<group>"; };
		D340CCB61B6D9C6400BB17E3 /* FillView.swift */ = {isa = PBXFileReference; fileEncoding = 4; lastKnownFileType = sourcecode.swift; path = FillView.swift; sourceTree = "<group>"; };
		D340CCB91B6DDD5400BB17E3 /* TimerViews.swift */ = {isa = PBXFileReference; fileEncoding = 4; lastKnownFileType = sourcecode.swift; path = TimerViews.swift; sourceTree = "<group>"; };
		D3463F671B713E0D002C68A8 /* Settings.bundle */ = {isa = PBXFileReference; lastKnownFileType = "wrapper.plug-in"; path = Settings.bundle; sourceTree = "<group>"; };
		D34C13D21BBCEEB400649676 /* RECommonFunctions.h */ = {isa = PBXFileReference; fileEncoding = 4; lastKnownFileType = sourcecode.c.h; path = RECommonFunctions.h; sourceTree = "<group>"; };
		D34C13D31BBCEEB400649676 /* RECommonFunctions.m */ = {isa = PBXFileReference; fileEncoding = 4; lastKnownFileType = sourcecode.c.objc; path = RECommonFunctions.m; sourceTree = "<group>"; };
		D34C13D41BBCEEB400649676 /* REFrostedContainerViewController.h */ = {isa = PBXFileReference; fileEncoding = 4; lastKnownFileType = sourcecode.c.h; path = REFrostedContainerViewController.h; sourceTree = "<group>"; };
		D34C13D51BBCEEB400649676 /* REFrostedContainerViewController.m */ = {isa = PBXFileReference; fileEncoding = 4; lastKnownFileType = sourcecode.c.objc; path = REFrostedContainerViewController.m; sourceTree = "<group>"; };
		D34C13D61BBCEEB400649676 /* REFrostedViewController.h */ = {isa = PBXFileReference; fileEncoding = 4; lastKnownFileType = sourcecode.c.h; path = REFrostedViewController.h; sourceTree = "<group>"; };
		D34C13D71BBCEEB400649676 /* REFrostedViewController.m */ = {isa = PBXFileReference; fileEncoding = 4; lastKnownFileType = sourcecode.c.objc; path = REFrostedViewController.m; sourceTree = "<group>"; };
		D34C13D81BBCEEB400649676 /* UIImage+REFrostedViewController.h */ = {isa = PBXFileReference; fileEncoding = 4; lastKnownFileType = sourcecode.c.h; path = "UIImage+REFrostedViewController.h"; sourceTree = "<group>"; };
		D34C13D91BBCEEB400649676 /* UIImage+REFrostedViewController.m */ = {isa = PBXFileReference; fileEncoding = 4; lastKnownFileType = sourcecode.c.objc; path = "UIImage+REFrostedViewController.m"; sourceTree = "<group>"; };
		D34C13DA1BBCEEB500649676 /* UIView+REFrostedViewController.h */ = {isa = PBXFileReference; fileEncoding = 4; lastKnownFileType = sourcecode.c.h; path = "UIView+REFrostedViewController.h"; sourceTree = "<group>"; };
		D34C13DB1BBCEEB500649676 /* UIView+REFrostedViewController.m */ = {isa = PBXFileReference; fileEncoding = 4; lastKnownFileType = sourcecode.c.objc; path = "UIView+REFrostedViewController.m"; sourceTree = "<group>"; };
		D34C13DC1BBCEEB500649676 /* UIViewController+REFrostedViewController.h */ = {isa = PBXFileReference; fileEncoding = 4; lastKnownFileType = sourcecode.c.h; path = "UIViewController+REFrostedViewController.h"; sourceTree = "<group>"; };
		D34C13DD1BBCEEB500649676 /* UIViewController+REFrostedViewController.m */ = {isa = PBXFileReference; fileEncoding = 4; lastKnownFileType = sourcecode.c.objc; path = "UIViewController+REFrostedViewController.m"; sourceTree = "<group>"; };
		D34C13E41BBCF03500649676 /* PrimaryViewController.swift */ = {isa = PBXFileReference; fileEncoding = 4; lastKnownFileType = sourcecode.swift; path = PrimaryViewController.swift; sourceTree = "<group>"; };
		D34C13E61BBCFB9500649676 /* Accelerate.framework */ = {isa = PBXFileReference; lastKnownFileType = wrapper.framework; name = Accelerate.framework; path = System/Library/Frameworks/Accelerate.framework; sourceTree = SDKROOT; };
		D353A2DC1BDD921300BFFA65 /* ActivityView.swift */ = {isa = PBXFileReference; fileEncoding = 4; lastKnownFileType = sourcecode.swift; path = ActivityView.swift; sourceTree = "<group>"; };
		D353A2DD1BDD921300BFFA65 /* NextButton.swift */ = {isa = PBXFileReference; fileEncoding = 4; lastKnownFileType = sourcecode.swift; path = NextButton.swift; sourceTree = "<group>"; };
		D353A2DE1BDD921300BFFA65 /* NextView.swift */ = {isa = PBXFileReference; fileEncoding = 4; lastKnownFileType = sourcecode.swift; path = NextView.swift; sourceTree = "<group>"; };
		D353A2DF1BDD921300BFFA65 /* PieLayer.swift */ = {isa = PBXFileReference; fileEncoding = 4; lastKnownFileType = sourcecode.swift; path = PieLayer.swift; sourceTree = "<group>"; };
		D353A2E01BDD921300BFFA65 /* StartPauseView.swift */ = {isa = PBXFileReference; fileEncoding = 4; lastKnownFileType = sourcecode.swift; path = StartPauseView.swift; sourceTree = "<group>"; };
		D353A2E61BDD930800BFFA65 /* flash.png */ = {isa = PBXFileReference; lastKnownFileType = image.png; name = flash.png; path = ../Graphics/flash.png; sourceTree = "<group>"; };
		D367427E1B9CDDED00EE13F7 /* Array+Bool.swift */ = {isa = PBXFileReference; fileEncoding = 4; lastKnownFileType = sourcecode.swift; path = "Array+Bool.swift"; sourceTree = "<group>"; };
		D36742801B9D33FE00EE13F7 /* NextSegmentButton.swift */ = {isa = PBXFileReference; fileEncoding = 4; lastKnownFileType = sourcecode.swift; path = NextSegmentButton.swift; sourceTree = "<group>"; };
		D36742821B9D343100EE13F7 /* ShapesButton.swift */ = {isa = PBXFileReference; fileEncoding = 4; lastKnownFileType = sourcecode.swift; path = ShapesButton.swift; sourceTree = "<group>"; };
		D37795381BD41C84003DC048 /* StartPauseButton.swift */ = {isa = PBXFileReference; fileEncoding = 4; lastKnownFileType = sourcecode.swift; path = StartPauseButton.swift; sourceTree = "<group>"; };
		D384BC531B7EF41C0024BCB0 /* TimerViewController+TimerNotifications.swift */ = {isa = PBXFileReference; fileEncoding = 4; lastKnownFileType = sourcecode.swift; path = "TimerViewController+TimerNotifications.swift"; sourceTree = "<group>"; };
		D384BC551B7F001F0024BCB0 /* SettingsViewController+TimerNotifications.swift */ = {isa = PBXFileReference; fileEncoding = 4; lastKnownFileType = sourcecode.swift; path = "SettingsViewController+TimerNotifications.swift"; sourceTree = "<group>"; };
		D3912C701B6E93B7003B42F1 /* SettingsViewController.swift */ = {isa = PBXFileReference; fileEncoding = 4; lastKnownFileType = sourcecode.swift; path = SettingsViewController.swift; sourceTree = "<group>"; };
		D3912C721B6E9CED003B42F1 /* Timer.swift */ = {isa = PBXFileReference; fileEncoding = 4; lastKnownFileType = sourcecode.swift; path = Timer.swift; sourceTree = "<group>"; };
		D3912C741B6E9D73003B42F1 /* BCYStandardLibrary.swift */ = {isa = PBXFileReference; fileEncoding = 4; lastKnownFileType = sourcecode.swift; path = BCYStandardLibrary.swift; sourceTree = "<group>"; };
		D3912C761B6F1476003B42F1 /* Timer+Types.swift */ = {isa = PBXFileReference; fileEncoding = 4; lastKnownFileType = sourcecode.swift; path = "Timer+Types.swift"; sourceTree = "<group>"; };
		D3991DB81B9FBF1B00C63286 /* RingLayerPlay.app */ = {isa = PBXFileReference; explicitFileType = wrapper.application; includeInIndex = 0; path = RingLayerPlay.app; sourceTree = BUILT_PRODUCTS_DIR; };
		D3991DBB1B9FBF1B00C63286 /* Info.plist */ = {isa = PBXFileReference; lastKnownFileType = text.plist.xml; path = Info.plist; sourceTree = "<group>"; };
		D3991DBC1B9FBF1B00C63286 /* AppDelegate.swift */ = {isa = PBXFileReference; lastKnownFileType = sourcecode.swift; path = AppDelegate.swift; sourceTree = "<group>"; };
		D3991DBE1B9FBF1B00C63286 /* ViewController.swift */ = {isa = PBXFileReference; lastKnownFileType = sourcecode.swift; path = ViewController.swift; sourceTree = "<group>"; };
		D3991DC11B9FBF1B00C63286 /* Base */ = {isa = PBXFileReference; lastKnownFileType = file.storyboard; name = Base; path = Base.lproj/Main.storyboard; sourceTree = "<group>"; };
		D3991DC31B9FBF1B00C63286 /* Images.xcassets */ = {isa = PBXFileReference; lastKnownFileType = folder.assetcatalog; path = Images.xcassets; sourceTree = "<group>"; };
		D3991DC61B9FBF1B00C63286 /* Base */ = {isa = PBXFileReference; lastKnownFileType = file.xib; name = Base; path = Base.lproj/LaunchScreen.xib; sourceTree = "<group>"; };
		D3991DCC1B9FBF1B00C63286 /* RingLayerPlayTests.xctest */ = {isa = PBXFileReference; explicitFileType = wrapper.cfbundle; includeInIndex = 0; path = RingLayerPlayTests.xctest; sourceTree = BUILT_PRODUCTS_DIR; };
		D3991DD11B9FBF1B00C63286 /* Info.plist */ = {isa = PBXFileReference; lastKnownFileType = text.plist.xml; path = Info.plist; sourceTree = "<group>"; };
		D3991DD21B9FBF1B00C63286 /* RingLayerPlayTests.swift */ = {isa = PBXFileReference; lastKnownFileType = sourcecode.swift; path = RingLayerPlayTests.swift; sourceTree = "<group>"; };
		D39DAD191B917229007D797C /* Appearance.swift */ = {isa = PBXFileReference; fileEncoding = 4; lastKnownFileType = sourcecode.swift; path = Appearance.swift; sourceTree = "<group>"; };
		D3C487B21B726F3300B8067E /* Timer+StatePreservation.swift */ = {isa = PBXFileReference; fileEncoding = 4; lastKnownFileType = sourcecode.swift; path = "Timer+StatePreservation.swift"; sourceTree = "<group>"; };
		D3C8F10C1BD4ABA3009E2A61 /* ButtonShapes.swift */ = {isa = PBXFileReference; fileEncoding = 4; lastKnownFileType = sourcecode.swift; path = ButtonShapes.swift; sourceTree = "<group>"; };
		D3C8F10E1BD4AD74009E2A61 /* ControlsView.swift */ = {isa = PBXFileReference; fileEncoding = 4; lastKnownFileType = sourcecode.swift; path = ControlsView.swift; sourceTree = "<group>"; };
		D3DFF55B1BA5EF8000A4700D /* RingPoint.swift */ = {isa = PBXFileReference; fileEncoding = 4; lastKnownFileType = sourcecode.swift; path = RingPoint.swift; sourceTree = "<group>"; };
		D3DFF55D1BA5EF8700A4700D /* RingCircle.swift */ = {isa = PBXFileReference; fileEncoding = 4; lastKnownFileType = sourcecode.swift; path = RingCircle.swift; sourceTree = "<group>"; };
		D3EC191B1B94EB5000A8E426 /* PlayPauseWipeButton.swift */ = {isa = PBXFileReference; fileEncoding = 4; lastKnownFileType = sourcecode.swift; path = PlayPauseWipeButton.swift; sourceTree = "<group>"; };
		D3F699A01B72DE0900BD21FD /* PieShapeView+Progress.swift */ = {isa = PBXFileReference; fileEncoding = 4; lastKnownFileType = sourcecode.swift; path = "PieShapeView+Progress.swift"; sourceTree = "<group>"; };
		D3F7BA701B9FC15600BA2936 /* RingLayerPlay-Bridging-Header.h */ = {isa = PBXFileReference; fileEncoding = 4; lastKnownFileType = sourcecode.c.h; path = "RingLayerPlay-Bridging-Header.h"; sourceTree = "<group>"; };
		D3FD35051B9B650A00CE15F6 /* TimeWipeButton.swift */ = {isa = PBXFileReference; fileEncoding = 4; lastKnownFileType = sourcecode.swift; path = TimeWipeButton.swift; sourceTree = "<group>"; };
		D3FD35071B9B6B8B00CE15F6 /* ShapesView.swift */ = {isa = PBXFileReference; fileEncoding = 4; lastKnownFileType = sourcecode.swift; path = ShapesView.swift; sourceTree = "<group>"; };
		D3FD35091B9B727C00CE15F6 /* SizableBezierPath.swift */ = {isa = PBXFileReference; fileEncoding = 4; lastKnownFileType = sourcecode.swift; path = SizableBezierPath.swift; sourceTree = "<group>"; };
		D3FD350B1B9B939200CE15F6 /* SizeToSuperView.swift */ = {isa = PBXFileReference; fileEncoding = 4; lastKnownFileType = sourcecode.swift; path = SizeToSuperView.swift; sourceTree = "<group>"; };
/* End PBXFileReference section */

/* Begin PBXFrameworksBuildPhase section */
		D340CC701B6D3E7600BB17E3 /* Frameworks */ = {
			isa = PBXFrameworksBuildPhase;
			buildActionMask = 2147483647;
			files = (
			);
			runOnlyForDeploymentPostprocessing = 0;
		};
		D340CC851B6D3E7600BB17E3 /* Frameworks */ = {
			isa = PBXFrameworksBuildPhase;
			buildActionMask = 2147483647;
			files = (
			);
			runOnlyForDeploymentPostprocessing = 0;
		};
		D3991DB51B9FBF1B00C63286 /* Frameworks */ = {
			isa = PBXFrameworksBuildPhase;
			buildActionMask = 2147483647;
			files = (
			);
			runOnlyForDeploymentPostprocessing = 0;
		};
		D3991DC91B9FBF1B00C63286 /* Frameworks */ = {
			isa = PBXFrameworksBuildPhase;
			buildActionMask = 2147483647;
			files = (
			);
			runOnlyForDeploymentPostprocessing = 0;
		};
/* End PBXFrameworksBuildPhase section */

/* Begin PBXGroup section */
		D30230711B77D93D00148E74 /* Timer */ = {
			isa = PBXGroup;
			children = (
				D3912C721B6E9CED003B42F1 /* Timer.swift */,
				D3C487B21B726F3300B8067E /* Timer+StatePreservation.swift */,
				D3912C761B6F1476003B42F1 /* Timer+Types.swift */,
			);
			name = Timer;
			sourceTree = "<group>";
		};
		D340CC6A1B6D3E7600BB17E3 = {
			isa = PBXGroup;
			children = (
				D340CC751B6D3E7600BB17E3 /* GeekSpeak Show Timer */,
				D340CC8B1B6D3E7600BB17E3 /* GeekSpeak Show TimerTests */,
				D3991DB91B9FBF1B00C63286 /* RingLayerPlay */,
				D3991DCF1B9FBF1B00C63286 /* RingLayerPlayTests */,
				D340CC741B6D3E7600BB17E3 /* Products */,
			);
			sourceTree = "<group>";
		};
		D340CC741B6D3E7600BB17E3 /* Products */ = {
			isa = PBXGroup;
			children = (
				D340CC731B6D3E7600BB17E3 /* GeekSpeak Show Timer.app */,
				D340CC881B6D3E7600BB17E3 /* GeekSpeak Show TimerTests.xctest */,
				D3991DB81B9FBF1B00C63286 /* RingLayerPlay.app */,
				D3991DCC1B9FBF1B00C63286 /* RingLayerPlayTests.xctest */,
			);
			name = Products;
			sourceTree = "<group>";
		};
		D340CC751B6D3E7600BB17E3 /* GeekSpeak Show Timer */ = {
			isa = PBXGroup;
			children = (
				D340CC7C1B6D3E7600BB17E3 /* Main.storyboard */,
				D340CC781B6D3E7600BB17E3 /* AppDelegate.swift */,
				D39DAD191B917229007D797C /* Appearance.swift */,
				D34C13E41BBCF03500649676 /* PrimaryViewController.swift */,
				D3912C701B6E93B7003B42F1 /* SettingsViewController.swift */,
				D384BC551B7F001F0024BCB0 /* SettingsViewController+TimerNotifications.swift */,
				D340CCB21B6D91FF00BB17E3 /* TimerViewController.swift */,
				D384BC531B7EF41C0024BCB0 /* TimerViewController+TimerNotifications.swift */,
				D34C13D11BBCEEB400649676 /* REFrostedViewController */,
				D30230711B77D93D00148E74 /* Timer */,
				D340CCA61B6D5CC100BB17E3 /* Rotation & Angle Types */,
				D340CCB81B6DA8DA00BB17E3 /* Timer Views */,
				D3912C741B6E9D73003B42F1 /* BCYStandardLibrary.swift */,
				D367427E1B9CDDED00EE13F7 /* Array+Bool.swift */,
				D32B9DEC1B77F6740098DCCF /* UIImage+WithColor.swift */,
				D340CCB41B6D939F00BB17E3 /* UIColor+DarkenColor.swift */,
				D320C35F1B6FF5E90046F785 /* UIImage+ImageEffects.h */,
				D320C3601B6FF5E90046F785 /* UIImage+ImageEffects.m */,
				D3463F671B713E0D002C68A8 /* Settings.bundle */,
				D340CC7F1B6D3E7600BB17E3 /* Images.xcassets */,
				D353A2E61BDD930800BFFA65 /* flash.png */,
				D340CC811B6D3E7600BB17E3 /* LaunchScreen.xib */,
				D34C13E61BBCFB9500649676 /* Accelerate.framework */,
				D340CC761B6D3E7600BB17E3 /* Supporting Files */,
				D340CC9A1B6D504400BB17E3 /* GeekSpeak Show Timer-Bridging-Header.h */,
			);
			path = "GeekSpeak Show Timer";
			sourceTree = "<group>";
		};
		D340CC761B6D3E7600BB17E3 /* Supporting Files */ = {
			isa = PBXGroup;
			children = (
				D340CC771B6D3E7600BB17E3 /* Info.plist */,
			);
			name = "Supporting Files";
			sourceTree = "<group>";
		};
		D340CC8B1B6D3E7600BB17E3 /* GeekSpeak Show TimerTests */ = {
			isa = PBXGroup;
			children = (
				D340CC8E1B6D3E7600BB17E3 /* GeekSpeak_Show_TimerTests.swift */,
				D340CC8C1B6D3E7600BB17E3 /* Supporting Files */,
			);
			path = "GeekSpeak Show TimerTests";
			sourceTree = "<group>";
		};
		D340CC8C1B6D3E7600BB17E3 /* Supporting Files */ = {
			isa = PBXGroup;
			children = (
				D340CC8D1B6D3E7600BB17E3 /* Info.plist */,
			);
			name = "Supporting Files";
			sourceTree = "<group>";
		};
		D340CCA61B6D5CC100BB17E3 /* Rotation & Angle Types */ = {
			isa = PBXGroup;
			children = (
				D340CCA01B6D556D00BB17E3 /* Angle.swift */,
				D340CCA11B6D556D00BB17E3 /* AccumulatedAngle.swift */,
				D30F6F1F1BAF95A000CF069A /* TauAngle.swift */,
				D340CCA21B6D556D00BB17E3 /* AngularType.swift */,
			);
			name = "Rotation & Angle Types";
			sourceTree = "<group>";
		};
		D340CCA71B6D5CE600BB17E3 /* PieShapeView */ = {
			isa = PBXGroup;
			children = (
				D340CC9B1B6D504500BB17E3 /* PieShapeView.swift */,
				D3F699A01B72DE0900BD21FD /* PieShapeView+Progress.swift */,
				D340CC9C1B6D504500BB17E3 /* GSTPieLayer.h */,
				D340CC9D1B6D504500BB17E3 /* GSTPieLayer.m */,
			);
			name = PieShapeView;
			sourceTree = "<group>";
		};
		D340CCB81B6DA8DA00BB17E3 /* Timer Views */ = {
			isa = PBXGroup;
			children = (
				D36742841B9D377F00EE13F7 /* Buttons */,
				D353A2DC1BDD921300BFFA65 /* ActivityView.swift */,
				D353A2DF1BDD921300BFFA65 /* PieLayer.swift */,
				D340CCB91B6DDD5400BB17E3 /* TimerViews.swift */,
				D340CCB61B6D9C6400BB17E3 /* FillView.swift */,
				D3FD350B1B9B939200CE15F6 /* SizeToSuperView.swift */,
				D3BFD9361BD4BF84001A29F6 /* Unused */,
				D340CCA71B6D5CE600BB17E3 /* PieShapeView */,
				D35F34351B73B92C0038CF4C /* Ring */,
			);
			name = "Timer Views";
			sourceTree = "<group>";
		};
		D34C13D11BBCEEB400649676 /* REFrostedViewController */ = {
			isa = PBXGroup;
			children = (
				D34C13D21BBCEEB400649676 /* RECommonFunctions.h */,
				D34C13D31BBCEEB400649676 /* RECommonFunctions.m */,
				D34C13D41BBCEEB400649676 /* REFrostedContainerViewController.h */,
				D34C13D51BBCEEB400649676 /* REFrostedContainerViewController.m */,
				D34C13D61BBCEEB400649676 /* REFrostedViewController.h */,
				D34C13D71BBCEEB400649676 /* REFrostedViewController.m */,
				D34C13D81BBCEEB400649676 /* UIImage+REFrostedViewController.h */,
				D34C13D91BBCEEB400649676 /* UIImage+REFrostedViewController.m */,
				D34C13DA1BBCEEB500649676 /* UIView+REFrostedViewController.h */,
				D34C13DB1BBCEEB500649676 /* UIView+REFrostedViewController.m */,
				D34C13DC1BBCEEB500649676 /* UIViewController+REFrostedViewController.h */,
				D34C13DD1BBCEEB500649676 /* UIViewController+REFrostedViewController.m */,
			);
			path = REFrostedViewController;
			sourceTree = "<group>";
		};
		D35F34351B73B92C0038CF4C /* Ring */ = {
			isa = PBXGroup;
			children = (
				D340CCB01B6D8B9600BB17E3 /* RingView.swift */,
				D30F6F1C1BAF306A00CF069A /* RingLayer.swift */,
				D3DFF55B1BA5EF8000A4700D /* RingPoint.swift */,
				D3DFF55D1BA5EF8700A4700D /* RingCircle.swift */,
				D31864EB1BA6605A0083B46E /* RingDrawing.swift */,
			);
			name = Ring;
			sourceTree = "<group>";
		};
		D36742841B9D377F00EE13F7 /* Buttons */ = {
			isa = PBXGroup;
			children = (
				D3C8F10E1BD4AD74009E2A61 /* ControlsView.swift */,
				D3C8F10C1BD4ABA3009E2A61 /* ButtonShapes.swift */,
				D353A2DD1BDD921300BFFA65 /* NextButton.swift */,
				D353A2DE1BDD921300BFFA65 /* NextView.swift */,
				D353A2E01BDD921300BFFA65 /* StartPauseView.swift */,
				D37795381BD41C84003DC048 /* StartPauseButton.swift */,
				D30119FD1BD0B7940008D04A /* BackButton.swift */,
				D33789BC1BD3687900ACC28D /* BackView.swift */,
			);
			name = Buttons;
			sourceTree = "<group>";
		};
		D3991DB91B9FBF1B00C63286 /* RingLayerPlay */ = {
			isa = PBXGroup;
			children = (
				D3991DBC1B9FBF1B00C63286 /* AppDelegate.swift */,
				D3991DBE1B9FBF1B00C63286 /* ViewController.swift */,
				D3991DC01B9FBF1B00C63286 /* Main.storyboard */,
				D3991DC31B9FBF1B00C63286 /* Images.xcassets */,
				D3991DC51B9FBF1B00C63286 /* LaunchScreen.xib */,
				D3F7BA701B9FC15600BA2936 /* RingLayerPlay-Bridging-Header.h */,
				D3991DBA1B9FBF1B00C63286 /* Supporting Files */,
			);
			path = RingLayerPlay;
			sourceTree = "<group>";
		};
		D3991DBA1B9FBF1B00C63286 /* Supporting Files */ = {
			isa = PBXGroup;
			children = (
				D3991DBB1B9FBF1B00C63286 /* Info.plist */,
			);
			name = "Supporting Files";
			sourceTree = "<group>";
		};
		D3991DCF1B9FBF1B00C63286 /* RingLayerPlayTests */ = {
			isa = PBXGroup;
			children = (
				D3991DD21B9FBF1B00C63286 /* RingLayerPlayTests.swift */,
				D3991DD01B9FBF1B00C63286 /* Supporting Files */,
			);
			path = RingLayerPlayTests;
			sourceTree = "<group>";
		};
		D3991DD01B9FBF1B00C63286 /* Supporting Files */ = {
			isa = PBXGroup;
			children = (
				D3991DD11B9FBF1B00C63286 /* Info.plist */,
			);
			name = "Supporting Files";
			sourceTree = "<group>";
		};
		D3BFD9361BD4BF84001A29F6 /* Unused */ = {
			isa = PBXGroup;
			children = (
				D3EC191B1B94EB5000A8E426 /* PlayPauseWipeButton.swift */,
				D36742801B9D33FE00EE13F7 /* NextSegmentButton.swift */,
				D3FD35051B9B650A00CE15F6 /* TimeWipeButton.swift */,
				D36742821B9D343100EE13F7 /* ShapesButton.swift */,
				D3FD35071B9B6B8B00CE15F6 /* ShapesView.swift */,
				D3FD35091B9B727C00CE15F6 /* SizableBezierPath.swift */,
			);
			name = Unused;
			sourceTree = "<group>";
		};
/* End PBXGroup section */

/* Begin PBXNativeTarget section */
		D340CC721B6D3E7600BB17E3 /* GeekSpeak Show Timer */ = {
			isa = PBXNativeTarget;
			buildConfigurationList = D340CC921B6D3E7600BB17E3 /* Build configuration list for PBXNativeTarget "GeekSpeak Show Timer" */;
			buildPhases = (
				D340CC6F1B6D3E7600BB17E3 /* Sources */,
				D340CC701B6D3E7600BB17E3 /* Frameworks */,
				D340CC711B6D3E7600BB17E3 /* Resources */,
				D3C487B11B71BFF800B8067E /* ShellScript */,
			);
			buildRules = (
			);
			dependencies = (
			);
			name = "GeekSpeak Show Timer";
			productName = "GeekSpeak Show Timer";
			productReference = D340CC731B6D3E7600BB17E3 /* GeekSpeak Show Timer.app */;
			productType = "com.apple.product-type.application";
		};
		D340CC871B6D3E7600BB17E3 /* GeekSpeak Show TimerTests */ = {
			isa = PBXNativeTarget;
			buildConfigurationList = D340CC951B6D3E7600BB17E3 /* Build configuration list for PBXNativeTarget "GeekSpeak Show TimerTests" */;
			buildPhases = (
				D340CC841B6D3E7600BB17E3 /* Sources */,
				D340CC851B6D3E7600BB17E3 /* Frameworks */,
				D340CC861B6D3E7600BB17E3 /* Resources */,
			);
			buildRules = (
			);
			dependencies = (
				D340CC8A1B6D3E7600BB17E3 /* PBXTargetDependency */,
			);
			name = "GeekSpeak Show TimerTests";
			productName = "GeekSpeak Show TimerTests";
			productReference = D340CC881B6D3E7600BB17E3 /* GeekSpeak Show TimerTests.xctest */;
			productType = "com.apple.product-type.bundle.unit-test";
		};
		D3991DB71B9FBF1B00C63286 /* RingLayerPlay */ = {
			isa = PBXNativeTarget;
			buildConfigurationList = D3991DD81B9FBF1B00C63286 /* Build configuration list for PBXNativeTarget "RingLayerPlay" */;
			buildPhases = (
				D3991DB41B9FBF1B00C63286 /* Sources */,
				D3991DB51B9FBF1B00C63286 /* Frameworks */,
				D3991DB61B9FBF1B00C63286 /* Resources */,
			);
			buildRules = (
			);
			dependencies = (
			);
			name = RingLayerPlay;
			productName = RingLayerPlay;
			productReference = D3991DB81B9FBF1B00C63286 /* RingLayerPlay.app */;
			productType = "com.apple.product-type.application";
		};
		D3991DCB1B9FBF1B00C63286 /* RingLayerPlayTests */ = {
			isa = PBXNativeTarget;
			buildConfigurationList = D3991DD91B9FBF1B00C63286 /* Build configuration list for PBXNativeTarget "RingLayerPlayTests" */;
			buildPhases = (
				D3991DC81B9FBF1B00C63286 /* Sources */,
				D3991DC91B9FBF1B00C63286 /* Frameworks */,
				D3991DCA1B9FBF1B00C63286 /* Resources */,
			);
			buildRules = (
			);
			dependencies = (
				D3991DCE1B9FBF1B00C63286 /* PBXTargetDependency */,
			);
			name = RingLayerPlayTests;
			productName = RingLayerPlayTests;
			productReference = D3991DCC1B9FBF1B00C63286 /* RingLayerPlayTests.xctest */;
			productType = "com.apple.product-type.bundle.unit-test";
		};
/* End PBXNativeTarget section */

/* Begin PBXProject section */
		D340CC6B1B6D3E7600BB17E3 /* Project object */ = {
			isa = PBXProject;
			attributes = {
				LastSwiftMigration = 0700;
				LastSwiftUpdateCheck = 0700;
				LastUpgradeCheck = 0700;
				ORGANIZATIONNAME = "Brian Young";
				TargetAttributes = {
					D340CC721B6D3E7600BB17E3 = {
						CreatedOnToolsVersion = 6.4;
					};
					D340CC871B6D3E7600BB17E3 = {
						CreatedOnToolsVersion = 6.4;
						TestTargetID = D340CC721B6D3E7600BB17E3;
					};
					D3991DB71B9FBF1B00C63286 = {
						CreatedOnToolsVersion = 6.4;
					};
					D3991DCB1B9FBF1B00C63286 = {
						CreatedOnToolsVersion = 6.4;
						TestTargetID = D3991DB71B9FBF1B00C63286;
					};
				};
			};
			buildConfigurationList = D340CC6E1B6D3E7600BB17E3 /* Build configuration list for PBXProject "GeekSpeak Show Timer" */;
			compatibilityVersion = "Xcode 3.2";
			developmentRegion = English;
			hasScannedForEncodings = 0;
			knownRegions = (
				en,
				Base,
			);
			mainGroup = D340CC6A1B6D3E7600BB17E3;
			productRefGroup = D340CC741B6D3E7600BB17E3 /* Products */;
			projectDirPath = "";
			projectRoot = "";
			targets = (
				D340CC721B6D3E7600BB17E3 /* GeekSpeak Show Timer */,
				D340CC871B6D3E7600BB17E3 /* GeekSpeak Show TimerTests */,
				D3991DB71B9FBF1B00C63286 /* RingLayerPlay */,
				D3991DCB1B9FBF1B00C63286 /* RingLayerPlayTests */,
			);
		};
/* End PBXProject section */

/* Begin PBXResourcesBuildPhase section */
		D340CC711B6D3E7600BB17E3 /* Resources */ = {
			isa = PBXResourcesBuildPhase;
			buildActionMask = 2147483647;
			files = (
				D3463F681B713E0D002C68A8 /* Settings.bundle in Resources */,
				D340CC7E1B6D3E7600BB17E3 /* Main.storyboard in Resources */,
				D340CC831B6D3E7600BB17E3 /* LaunchScreen.xib in Resources */,
				D353A2E71BDD930800BFFA65 /* flash.png in Resources */,
				D340CC801B6D3E7600BB17E3 /* Images.xcassets in Resources */,
			);
			runOnlyForDeploymentPostprocessing = 0;
		};
		D340CC861B6D3E7600BB17E3 /* Resources */ = {
			isa = PBXResourcesBuildPhase;
			buildActionMask = 2147483647;
			files = (
			);
			runOnlyForDeploymentPostprocessing = 0;
		};
		D3991DB61B9FBF1B00C63286 /* Resources */ = {
			isa = PBXResourcesBuildPhase;
			buildActionMask = 2147483647;
			files = (
				D3991DC21B9FBF1B00C63286 /* Main.storyboard in Resources */,
				D3991DC71B9FBF1B00C63286 /* LaunchScreen.xib in Resources */,
				D3991DC41B9FBF1B00C63286 /* Images.xcassets in Resources */,
			);
			runOnlyForDeploymentPostprocessing = 0;
		};
		D3991DCA1B9FBF1B00C63286 /* Resources */ = {
			isa = PBXResourcesBuildPhase;
			buildActionMask = 2147483647;
			files = (
			);
			runOnlyForDeploymentPostprocessing = 0;
		};
/* End PBXResourcesBuildPhase section */

/* Begin PBXShellScriptBuildPhase section */
		D3C487B11B71BFF800B8067E /* ShellScript */ = {
			isa = PBXShellScriptBuildPhase;
			buildActionMask = 2147483647;
			files = (
			);
			inputPaths = (
			);
			outputPaths = (
			);
			runOnlyForDeploymentPostprocessing = 0;
			shellPath = /bin/sh;
			shellScript = "TAGS=\"TODO:|FIXME:\"\nERRORTAG=\"ERROR:\"\nfind \"${SRCROOT}\" \\( -name \"*.h\" -or -name \"*.m\" -or -name \"*.swift\" \\) -print0 | xargs -0 egrep --with-filename --line-number --only-matching \"($TAGS).*\\$|($ERRORTAG).*\\$\" | perl -p -e \"s/($TAGS)/ warning: \\$1/\" | perl -p -e \"s/($ERRORTAG)/ error: \\$1/\"";
		};
/* End PBXShellScriptBuildPhase section */

/* Begin PBXSourcesBuildPhase section */
		D340CC6F1B6D3E7600BB17E3 /* Sources */ = {
			isa = PBXSourcesBuildPhase;
			buildActionMask = 2147483647;
			files = (
				D36742831B9D343100EE13F7 /* ShapesButton.swift in Sources */,
				D39DAD1A1B917229007D797C /* Appearance.swift in Sources */,
				D34C13DE1BBCEEB500649676 /* RECommonFunctions.m in Sources */,
				D340CCB51B6D939F00BB17E3 /* UIColor+DarkenColor.swift in Sources */,
				D34C13E51BBCF03500649676 /* PrimaryViewController.swift in Sources */,
				D353A2E21BDD921300BFFA65 /* NextButton.swift in Sources */,
				D353A2E11BDD921300BFFA65 /* ActivityView.swift in Sources */,
				D37795391BD41C84003DC048 /* StartPauseButton.swift in Sources */,
				D320C3611B6FF5E90046F785 /* UIImage+ImageEffects.m in Sources */,
				D3C487B31B726F3300B8067E /* Timer+StatePreservation.swift in Sources */,
				D3912C771B6F1476003B42F1 /* Timer+Types.swift in Sources */,
				D3FD35081B9B6B8B00CE15F6 /* ShapesView.swift in Sources */,
				D353A2E41BDD921300BFFA65 /* PieLayer.swift in Sources */,
				D34C13E01BBCEEB500649676 /* REFrostedViewController.m in Sources */,
				D384BC541B7EF41C0024BCB0 /* TimerViewController+TimerNotifications.swift in Sources */,
				D3912C751B6E9D73003B42F1 /* BCYStandardLibrary.swift in Sources */,
				D340CCA51B6D556D00BB17E3 /* AngularType.swift in Sources */,
				D340CCBA1B6DDD5400BB17E3 /* TimerViews.swift in Sources */,
				D3C8F10D1BD4ABA3009E2A61 /* ButtonShapes.swift in Sources */,
				D30F6F1D1BAF306A00CF069A /* RingLayer.swift in Sources */,
				D34C13E31BBCEEB500649676 /* UIViewController+REFrostedViewController.m in Sources */,
				D340CCA31B6D556D00BB17E3 /* Angle.swift in Sources */,
				D353A2E51BDD921300BFFA65 /* StartPauseView.swift in Sources */,
				D3912C731B6E9CED003B42F1 /* Timer.swift in Sources */,
				D30119FE1BD0B7940008D04A /* BackButton.swift in Sources */,
				D34C13DF1BBCEEB500649676 /* REFrostedContainerViewController.m in Sources */,
				D32B9DED1B77F6740098DCCF /* UIImage+WithColor.swift in Sources */,
				D3C0807B1B9BB6290020A4A0 /* PlayPauseWipeButton.swift in Sources */,
				D340CCA41B6D556D00BB17E3 /* AccumulatedAngle.swift in Sources */,
				D34C13E11BBCEEB500649676 /* UIImage+REFrostedViewController.m in Sources */,
				D340CC9E1B6D504500BB17E3 /* PieShapeView.swift in Sources */,
				D3F699A11B72DE0900BD21FD /* PieShapeView+Progress.swift in Sources */,
				D3FD35061B9B650A00CE15F6 /* TimeWipeButton.swift in Sources */,
				D3912C711B6E93B7003B42F1 /* SettingsViewController.swift in Sources */,
				D34C13E21BBCEEB500649676 /* UIView+REFrostedViewController.m in Sources */,
				D384BC561B7F001F0024BCB0 /* SettingsViewController+TimerNotifications.swift in Sources */,
				D3FD350C1B9B939200CE15F6 /* SizeToSuperView.swift in Sources */,
				D340CC9F1B6D504500BB17E3 /* GSTPieLayer.m in Sources */,
				D340CCB11B6D8B9600BB17E3 /* RingView.swift in Sources */,
				D33789BD1BD3687900ACC28D /* BackView.swift in Sources */,
				D3DFF55E1BA5EF8700A4700D /* RingCircle.swift in Sources */,
				D36742811B9D33FE00EE13F7 /* NextSegmentButton.swift in Sources */,
				D340CCB71B6D9C6400BB17E3 /* FillView.swift in Sources */,
				D353A2E31BDD921300BFFA65 /* NextView.swift in Sources */,
				D3DFF55C1BA5EF8000A4700D /* RingPoint.swift in Sources */,
				D30F6F201BAF95A000CF069A /* TauAngle.swift in Sources */,
				D3FD350A1B9B727C00CE15F6 /* SizableBezierPath.swift in Sources */,
				D340CCB31B6D91FF00BB17E3 /* TimerViewController.swift in Sources */,
				D340CC791B6D3E7600BB17E3 /* AppDelegate.swift in Sources */,
				D367427F1B9CDDED00EE13F7 /* Array+Bool.swift in Sources */,
				D3C8F10F1BD4AD74009E2A61 /* ControlsView.swift in Sources */,
				D31864EC1BA6605A0083B46E /* RingDrawing.swift in Sources */,
			);
			runOnlyForDeploymentPostprocessing = 0;
		};
		D340CC841B6D3E7600BB17E3 /* Sources */ = {
			isa = PBXSourcesBuildPhase;
			buildActionMask = 2147483647;
			files = (
				D340CC8F1B6D3E7600BB17E3 /* GeekSpeak_Show_TimerTests.swift in Sources */,
			);
			runOnlyForDeploymentPostprocessing = 0;
		};
		D3991DB41B9FBF1B00C63286 /* Sources */ = {
			isa = PBXSourcesBuildPhase;
			buildActionMask = 2147483647;
			files = (
				D3F7BA6F1B9FBF7500BA2936 /* SizeToSuperView.swift in Sources */,
				D31864ED1BA6605A0083B46E /* RingDrawing.swift in Sources */,
				D3F7BA731B9FC1C600BA2936 /* AngularType.swift in Sources */,
				D30F6F211BAF95A000CF069A /* TauAngle.swift in Sources */,
				D3F7BA6B1B9FBF6600BA2936 /* RingView.swift in Sources */,
				D3991DBF1B9FBF1B00C63286 /* ViewController.swift in Sources */,
				D3F7BA721B9FC1C600BA2936 /* AccumulatedAngle.swift in Sources */,
				D3F7BA711B9FC1C600BA2936 /* Angle.swift in Sources */,
				D3991DBD1B9FBF1B00C63286 /* AppDelegate.swift in Sources */,
				D3DFF55F1BA5F27300A4700D /* RingPoint.swift in Sources */,
				D30F6F1E1BAF306A00CF069A /* RingLayer.swift in Sources */,
				D3DFF5601BA5F27300A4700D /* RingCircle.swift in Sources */,
			);
			runOnlyForDeploymentPostprocessing = 0;
		};
		D3991DC81B9FBF1B00C63286 /* Sources */ = {
			isa = PBXSourcesBuildPhase;
			buildActionMask = 2147483647;
			files = (
				D3991DD31B9FBF1B00C63286 /* RingLayerPlayTests.swift in Sources */,
			);
			runOnlyForDeploymentPostprocessing = 0;
		};
/* End PBXSourcesBuildPhase section */

/* Begin PBXTargetDependency section */
		D340CC8A1B6D3E7600BB17E3 /* PBXTargetDependency */ = {
			isa = PBXTargetDependency;
			target = D340CC721B6D3E7600BB17E3 /* GeekSpeak Show Timer */;
			targetProxy = D340CC891B6D3E7600BB17E3 /* PBXContainerItemProxy */;
		};
		D3991DCE1B9FBF1B00C63286 /* PBXTargetDependency */ = {
			isa = PBXTargetDependency;
			target = D3991DB71B9FBF1B00C63286 /* RingLayerPlay */;
			targetProxy = D3991DCD1B9FBF1B00C63286 /* PBXContainerItemProxy */;
		};
/* End PBXTargetDependency section */

/* Begin PBXVariantGroup section */
		D340CC7C1B6D3E7600BB17E3 /* Main.storyboard */ = {
			isa = PBXVariantGroup;
			children = (
				D340CC7D1B6D3E7600BB17E3 /* Base */,
			);
			name = Main.storyboard;
			sourceTree = "<group>";
		};
		D340CC811B6D3E7600BB17E3 /* LaunchScreen.xib */ = {
			isa = PBXVariantGroup;
			children = (
				D340CC821B6D3E7600BB17E3 /* Base */,
			);
			name = LaunchScreen.xib;
			sourceTree = "<group>";
		};
		D3991DC01B9FBF1B00C63286 /* Main.storyboard */ = {
			isa = PBXVariantGroup;
			children = (
				D3991DC11B9FBF1B00C63286 /* Base */,
			);
			name = Main.storyboard;
			sourceTree = "<group>";
		};
		D3991DC51B9FBF1B00C63286 /* LaunchScreen.xib */ = {
			isa = PBXVariantGroup;
			children = (
				D3991DC61B9FBF1B00C63286 /* Base */,
			);
			name = LaunchScreen.xib;
			sourceTree = "<group>";
		};
/* End PBXVariantGroup section */

/* Begin XCBuildConfiguration section */
		D340CC901B6D3E7600BB17E3 /* Debug */ = {
			isa = XCBuildConfiguration;
			buildSettings = {
				ALWAYS_SEARCH_USER_PATHS = NO;
				CLANG_CXX_LANGUAGE_STANDARD = "gnu++0x";
				CLANG_CXX_LIBRARY = "libc++";
				CLANG_ENABLE_MODULES = YES;
				CLANG_ENABLE_OBJC_ARC = YES;
				CLANG_WARN_BOOL_CONVERSION = YES;
				CLANG_WARN_CONSTANT_CONVERSION = YES;
				CLANG_WARN_DIRECT_OBJC_ISA_USAGE = YES_ERROR;
				CLANG_WARN_EMPTY_BODY = YES;
				CLANG_WARN_ENUM_CONVERSION = YES;
				CLANG_WARN_INT_CONVERSION = YES;
				CLANG_WARN_OBJC_ROOT_CLASS = YES_ERROR;
				CLANG_WARN_UNREACHABLE_CODE = YES;
				CLANG_WARN__DUPLICATE_METHOD_MATCH = YES;
				"CODE_SIGN_IDENTITY[sdk=iphoneos*]" = "iPhone Developer";
				COPY_PHASE_STRIP = NO;
				DEBUG_INFORMATION_FORMAT = "dwarf-with-dsym";
				DEFINES_MODULE = YES;
				ENABLE_STRICT_OBJC_MSGSEND = YES;
				ENABLE_TESTABILITY = YES;
				GCC_C_LANGUAGE_STANDARD = gnu99;
				GCC_DYNAMIC_NO_PIC = NO;
				GCC_NO_COMMON_BLOCKS = YES;
				GCC_OPTIMIZATION_LEVEL = 0;
				GCC_PREPROCESSOR_DEFINITIONS = (
					"DEBUG=1",
					"$(inherited)",
				);
				GCC_SYMBOLS_PRIVATE_EXTERN = NO;
				GCC_WARN_64_TO_32_BIT_CONVERSION = YES;
				GCC_WARN_ABOUT_RETURN_TYPE = YES_ERROR;
				GCC_WARN_UNDECLARED_SELECTOR = YES;
				GCC_WARN_UNINITIALIZED_AUTOS = YES_AGGRESSIVE;
				GCC_WARN_UNUSED_FUNCTION = YES;
				GCC_WARN_UNUSED_VARIABLE = YES;
				IPHONEOS_DEPLOYMENT_TARGET = 8.0;
				MTL_ENABLE_DEBUG_INFO = YES;
				ONLY_ACTIVE_ARCH = YES;
				SDKROOT = iphoneos;
				SWIFT_OPTIMIZATION_LEVEL = "-Onone";
				TARGETED_DEVICE_FAMILY = "1,2";
			};
			name = Debug;
		};
		D340CC911B6D3E7600BB17E3 /* Release */ = {
			isa = XCBuildConfiguration;
			buildSettings = {
				ALWAYS_SEARCH_USER_PATHS = NO;
				CLANG_CXX_LANGUAGE_STANDARD = "gnu++0x";
				CLANG_CXX_LIBRARY = "libc++";
				CLANG_ENABLE_MODULES = YES;
				CLANG_ENABLE_OBJC_ARC = YES;
				CLANG_WARN_BOOL_CONVERSION = YES;
				CLANG_WARN_CONSTANT_CONVERSION = YES;
				CLANG_WARN_DIRECT_OBJC_ISA_USAGE = YES_ERROR;
				CLANG_WARN_EMPTY_BODY = YES;
				CLANG_WARN_ENUM_CONVERSION = YES;
				CLANG_WARN_INT_CONVERSION = YES;
				CLANG_WARN_OBJC_ROOT_CLASS = YES_ERROR;
				CLANG_WARN_UNREACHABLE_CODE = YES;
				CLANG_WARN__DUPLICATE_METHOD_MATCH = YES;
				"CODE_SIGN_IDENTITY[sdk=iphoneos*]" = "iPhone Developer";
				COPY_PHASE_STRIP = NO;
				DEBUG_INFORMATION_FORMAT = "dwarf-with-dsym";
				DEFINES_MODULE = YES;
				ENABLE_NS_ASSERTIONS = NO;
				ENABLE_STRICT_OBJC_MSGSEND = YES;
				GCC_C_LANGUAGE_STANDARD = gnu99;
				GCC_NO_COMMON_BLOCKS = YES;
				GCC_WARN_64_TO_32_BIT_CONVERSION = YES;
				GCC_WARN_ABOUT_RETURN_TYPE = YES_ERROR;
				GCC_WARN_UNDECLARED_SELECTOR = YES;
				GCC_WARN_UNINITIALIZED_AUTOS = YES_AGGRESSIVE;
				GCC_WARN_UNUSED_FUNCTION = YES;
				GCC_WARN_UNUSED_VARIABLE = YES;
				IPHONEOS_DEPLOYMENT_TARGET = 8.0;
				MTL_ENABLE_DEBUG_INFO = NO;
				SDKROOT = iphoneos;
				TARGETED_DEVICE_FAMILY = "1,2";
				VALIDATE_PRODUCT = YES;
			};
			name = Release;
		};
		D340CC931B6D3E7600BB17E3 /* Debug */ = {
			isa = XCBuildConfiguration;
			buildSettings = {
				ASSETCATALOG_COMPILER_APPICON_NAME = AppIcon;
				CLANG_ENABLE_MODULES = YES;
				INFOPLIST_FILE = "GeekSpeak Show Timer/Info.plist";
				IPHONEOS_DEPLOYMENT_TARGET = 9.0;
				LD_RUNPATH_SEARCH_PATHS = "$(inherited) @executable_path/Frameworks";
				PRODUCT_BUNDLE_IDENTIFIER = "com.BrianCordanYoung.$(PRODUCT_NAME:rfc1034identifier)";
				PRODUCT_NAME = "$(TARGET_NAME)";
				SWIFT_OBJC_BRIDGING_HEADER = "GeekSpeak Show Timer/GeekSpeak Show Timer-Bridging-Header.h";
				SWIFT_OPTIMIZATION_LEVEL = "-Onone";
			};
			name = Debug;
		};
		D340CC941B6D3E7600BB17E3 /* Release */ = {
			isa = XCBuildConfiguration;
			buildSettings = {
				ASSETCATALOG_COMPILER_APPICON_NAME = AppIcon;
				CLANG_ENABLE_MODULES = YES;
				INFOPLIST_FILE = "GeekSpeak Show Timer/Info.plist";
				IPHONEOS_DEPLOYMENT_TARGET = 9.0;
				LD_RUNPATH_SEARCH_PATHS = "$(inherited) @executable_path/Frameworks";
				PRODUCT_BUNDLE_IDENTIFIER = "com.BrianCordanYoung.$(PRODUCT_NAME:rfc1034identifier)";
				PRODUCT_NAME = "$(TARGET_NAME)";
				SWIFT_OBJC_BRIDGING_HEADER = "GeekSpeak Show Timer/GeekSpeak Show Timer-Bridging-Header.h";
			};
			name = Release;
		};
		D340CC961B6D3E7600BB17E3 /* Debug */ = {
			isa = XCBuildConfiguration;
			buildSettings = {
				BUNDLE_LOADER = "$(TEST_HOST)";
				FRAMEWORK_SEARCH_PATHS = (
					"$(SDKROOT)/Developer/Library/Frameworks",
					"$(inherited)",
				);
				GCC_PREPROCESSOR_DEFINITIONS = (
					"DEBUG=1",
					"$(inherited)",
				);
				INFOPLIST_FILE = "GeekSpeak Show TimerTests/Info.plist";
				LD_RUNPATH_SEARCH_PATHS = "$(inherited) @executable_path/Frameworks @loader_path/Frameworks";
				PRODUCT_BUNDLE_IDENTIFIER = "com.BrianCordanYoung.$(PRODUCT_NAME:rfc1034identifier)";
				PRODUCT_NAME = "$(TARGET_NAME)";
				TEST_HOST = "$(BUILT_PRODUCTS_DIR)/GeekSpeak Show Timer.app/GeekSpeak Show Timer";
			};
			name = Debug;
		};
		D340CC971B6D3E7600BB17E3 /* Release */ = {
			isa = XCBuildConfiguration;
			buildSettings = {
				BUNDLE_LOADER = "$(TEST_HOST)";
				FRAMEWORK_SEARCH_PATHS = (
					"$(SDKROOT)/Developer/Library/Frameworks",
					"$(inherited)",
				);
				INFOPLIST_FILE = "GeekSpeak Show TimerTests/Info.plist";
				LD_RUNPATH_SEARCH_PATHS = "$(inherited) @executable_path/Frameworks @loader_path/Frameworks";
				PRODUCT_BUNDLE_IDENTIFIER = "com.BrianCordanYoung.$(PRODUCT_NAME:rfc1034identifier)";
				PRODUCT_NAME = "$(TARGET_NAME)";
				TEST_HOST = "$(BUILT_PRODUCTS_DIR)/GeekSpeak Show Timer.app/GeekSpeak Show Timer";
			};
			name = Release;
		};
		D3991DD41B9FBF1B00C63286 /* Debug */ = {
			isa = XCBuildConfiguration;
			buildSettings = {
				ASSETCATALOG_COMPILER_APPICON_NAME = AppIcon;
				GCC_PREPROCESSOR_DEFINITIONS = (
					"DEBUG=1",
					"$(inherited)",
				);
				INFOPLIST_FILE = RingLayerPlay/Info.plist;
				IPHONEOS_DEPLOYMENT_TARGET = 8.4;
				LD_RUNPATH_SEARCH_PATHS = "$(inherited) @executable_path/Frameworks";
				PRODUCT_BUNDLE_IDENTIFIER = "com.BrianCordanYoung.$(PRODUCT_NAME:rfc1034identifier)";
				PRODUCT_NAME = "$(TARGET_NAME)";
				SWIFT_OBJC_BRIDGING_HEADER = "RingLayerPlay/RingLayerPlay-Bridging-Header.h";
			};
			name = Debug;
		};
		D3991DD51B9FBF1B00C63286 /* Release */ = {
			isa = XCBuildConfiguration;
			buildSettings = {
				ASSETCATALOG_COMPILER_APPICON_NAME = AppIcon;
				INFOPLIST_FILE = RingLayerPlay/Info.plist;
				IPHONEOS_DEPLOYMENT_TARGET = 8.4;
				LD_RUNPATH_SEARCH_PATHS = "$(inherited) @executable_path/Frameworks";
				PRODUCT_BUNDLE_IDENTIFIER = "com.BrianCordanYoung.$(PRODUCT_NAME:rfc1034identifier)";
				PRODUCT_NAME = "$(TARGET_NAME)";
				SWIFT_OBJC_BRIDGING_HEADER = "RingLayerPlay/RingLayerPlay-Bridging-Header.h";
			};
			name = Release;
		};
		D3991DD61B9FBF1B00C63286 /* Debug */ = {
			isa = XCBuildConfiguration;
			buildSettings = {
				BUNDLE_LOADER = "$(TEST_HOST)";
				FRAMEWORK_SEARCH_PATHS = (
					"$(SDKROOT)/Developer/Library/Frameworks",
					"$(inherited)",
				);
				GCC_PREPROCESSOR_DEFINITIONS = (
					"DEBUG=1",
					"$(inherited)",
				);
				INFOPLIST_FILE = RingLayerPlayTests/Info.plist;
				IPHONEOS_DEPLOYMENT_TARGET = 8.4;
				LD_RUNPATH_SEARCH_PATHS = "$(inherited) @executable_path/Frameworks @loader_path/Frameworks";
				PRODUCT_BUNDLE_IDENTIFIER = "com.BrianCordanYoung.$(PRODUCT_NAME:rfc1034identifier)";
				PRODUCT_NAME = "$(TARGET_NAME)";
				TEST_HOST = "$(BUILT_PRODUCTS_DIR)/RingLayerPlay.app/RingLayerPlay";
			};
			name = Debug;
		};
		D3991DD71B9FBF1B00C63286 /* Release */ = {
			isa = XCBuildConfiguration;
			buildSettings = {
				BUNDLE_LOADER = "$(TEST_HOST)";
				FRAMEWORK_SEARCH_PATHS = (
					"$(SDKROOT)/Developer/Library/Frameworks",
					"$(inherited)",
				);
				INFOPLIST_FILE = RingLayerPlayTests/Info.plist;
				IPHONEOS_DEPLOYMENT_TARGET = 8.4;
				LD_RUNPATH_SEARCH_PATHS = "$(inherited) @executable_path/Frameworks @loader_path/Frameworks";
				PRODUCT_BUNDLE_IDENTIFIER = "com.BrianCordanYoung.$(PRODUCT_NAME:rfc1034identifier)";
				PRODUCT_NAME = "$(TARGET_NAME)";
				TEST_HOST = "$(BUILT_PRODUCTS_DIR)/RingLayerPlay.app/RingLayerPlay";
			};
			name = Release;
		};
/* End XCBuildConfiguration section */

/* Begin XCConfigurationList section */
		D340CC6E1B6D3E7600BB17E3 /* Build configuration list for PBXProject "GeekSpeak Show Timer" */ = {
			isa = XCConfigurationList;
			buildConfigurations = (
				D340CC901B6D3E7600BB17E3 /* Debug */,
				D340CC911B6D3E7600BB17E3 /* Release */,
			);
			defaultConfigurationIsVisible = 0;
			defaultConfigurationName = Release;
		};
		D340CC921B6D3E7600BB17E3 /* Build configuration list for PBXNativeTarget "GeekSpeak Show Timer" */ = {
			isa = XCConfigurationList;
			buildConfigurations = (
				D340CC931B6D3E7600BB17E3 /* Debug */,
				D340CC941B6D3E7600BB17E3 /* Release */,
			);
			defaultConfigurationIsVisible = 0;
			defaultConfigurationName = Release;
		};
		D340CC951B6D3E7600BB17E3 /* Build configuration list for PBXNativeTarget "GeekSpeak Show TimerTests" */ = {
			isa = XCConfigurationList;
			buildConfigurations = (
				D340CC961B6D3E7600BB17E3 /* Debug */,
				D340CC971B6D3E7600BB17E3 /* Release */,
			);
			defaultConfigurationIsVisible = 0;
			defaultConfigurationName = Release;
		};
		D3991DD81B9FBF1B00C63286 /* Build configuration list for PBXNativeTarget "RingLayerPlay" */ = {
			isa = XCConfigurationList;
			buildConfigurations = (
				D3991DD41B9FBF1B00C63286 /* Debug */,
				D3991DD51B9FBF1B00C63286 /* Release */,
			);
			defaultConfigurationIsVisible = 0;
			defaultConfigurationName = Release;
		};
		D3991DD91B9FBF1B00C63286 /* Build configuration list for PBXNativeTarget "RingLayerPlayTests" */ = {
			isa = XCConfigurationList;
			buildConfigurations = (
				D3991DD61B9FBF1B00C63286 /* Debug */,
				D3991DD71B9FBF1B00C63286 /* Release */,
			);
			defaultConfigurationIsVisible = 0;
			defaultConfigurationName = Release;
		};
/* End XCConfigurationList section */
	};
	rootObject = D340CC6B1B6D3E7600BB17E3 /* Project object */;
}
